{
  "version": 4,
  "terraform_version": "1.1.9",
  "serial": 300,
  "lineage": "9a1417db-f0a3-4385-5728-2fa7631244a8",
  "outputs": {
    "Database_instace": {
      "value": "database-6288",
      "type": "string"
    },
    "Linux_dns": {
      "value": [
        [
          "lvm-6288-dns-1.australiaeast.cloudapp.azure.com",
          "lvm-6288-dns-2.australiaeast.cloudapp.azure.com"
        ]
      ],
      "type": [
        "tuple",
        [
          [
            "tuple",
            [
              "string",
              "string"
            ]
          ]
        ]
      ]
    },
    "Linux_hostname": {
      "value": [
        [
          "lvm-6288-vm-1",
          "lvm-6288-vm-2"
        ]
      ],
      "type": [
        "tuple",
        [
          [
            "tuple",
            [
              "string",
              "string"
            ]
          ]
        ]
      ]
    },
    "Linux_private_ip_address": {
      "value": [
        [
          "10.0.1.5",
          "10.0.1.6"
        ]
      ],
      "type": [
        "tuple",
        [
          [
            "tuple",
            [
              "string",
              "string"
            ]
          ]
        ]
      ]
    },
    "Linux_public_ip_addresses": {
      "value": [
        [
          "20.248.189.82",
          "20.248.189.69"
        ]
      ],
      "type": [
        "tuple",
        [
          [
            "tuple",
            [
              "string",
              "string"
            ]
          ]
        ]
      ]
    },
    "Loadbalancer_name": {
      "value": "loadbalancer-6288",
      "type": "string"
    },
    "Windows_dns": {
      "value": "wsvm-6288-dns",
      "type": "string"
    },
    "Windows_hostname": {
      "value": "wsvm-6288-vm",
      "type": "string"
    },
    "Windows_private_ip_address": {
      "value": "10.0.1.4",
      "type": "string"
    },
    "Windows_public_ip_addresses": {
      "value": "20.248.189.55",
      "type": "string"
    },
    "log_analytics_workspace": {
      "value": "og-analytics-workspace-6288",
      "type": "string"
    },
    "recovery_services_vault": {
      "value": "vault-6288",
      "type": "string"
    },
    "resource_group": {
      "value": "assignment1-RG-6288",
      "type": "string"
    },
    "storage_account": {
      "value": "6288assignment1",
      "type": "string"
    },
    "subnet": {
      "value": "subnet-6288",
      "type": "string"
    },
    "virtual_network": {
      "value": "virtual-network-6288",
      "type": "string"
    }
  },
  "resources": [
    {
      "module": "module.common",
      "mode": "managed",
      "type": "azurerm_log_analytics_workspace",
      "name": "log_analytics_workspace",
      "provider": "provider[\"registry.terraform.io/hashicorp/azurerm\"]",
      "instances": [
        {
          "schema_version": 2,
          "attributes": {
            "daily_quota_gb": -1,
            "id": "/subscriptions/0695b55f-07d7-4bb5-b85c-e77a29fb2383/resourceGroups/assignment1-RG-6288/providers/Microsoft.OperationalInsights/workspaces/og-analytics-workspace-6288",
            "internet_ingestion_enabled": true,
            "internet_query_enabled": true,
            "location": "australiaeast",
            "name": "og-analytics-workspace-6288",
            "primary_shared_key": "jx4HK9Pplnt6iLEA3qVC9ehDsZXULKVdADI6TIbE3ajTI7nvcZDlqKm9of/uNs21MEz0AWz1fiKYwEW8mWdapg==",
            "reservation_capacity_in_gb_per_day": null,
            "resource_group_name": "assignment1-RG-6288",
            "retention_in_days": 30,
            "secondary_shared_key": "F62/q77Y16Sp/BSNVTlxAjupX7TtIm1hAK2MjCl9BcAdfOr8hha4vPBauQUf5iU06BBqeXZCFiKEPO2mjUnhIw==",
            "sku": "PerGB2018",
            "tags": {
              "ContactEmail": "dhanyacse21@gmail.com",
              "Environment": "Lab",
              "ExpirationDate": "2022-06-30",
              "Name": "Dhanya.Natarajan",
              "Project": "Automation Project – Assignment 1"
            },
            "timeouts": null,
            "workspace_id": "af31f342-d125-4c75-8666-55b6dfd931c1"
          },
          "sensitive_attributes": [],
          "private": "eyJlMmJmYjczMC1lY2FhLTExZTYtOGY4OC0zNDM2M2JjN2M0YzAiOnsiY3JlYXRlIjoxODAwMDAwMDAwMDAwLCJkZWxldGUiOjE4MDAwMDAwMDAwMDAsInJlYWQiOjMwMDAwMDAwMDAwMCwidXBkYXRlIjoxODAwMDAwMDAwMDAwfSwic2NoZW1hX3ZlcnNpb24iOiIyIn0=",
          "dependencies": [
            "module.resource_group.azurerm_resource_group.resource_group"
          ]
        }
      ]
    },
    {
      "module": "module.common",
      "mode": "managed",
      "type": "azurerm_recovery_services_vault",
      "name": "recovery_services_vault",
      "provider": "provider[\"registry.terraform.io/hashicorp/azurerm\"]",
      "instances": [
        {
          "schema_version": 0,
          "attributes": {
            "cross_region_restore_enabled": false,
            "encryption": [],
            "id": "/subscriptions/0695b55f-07d7-4bb5-b85c-e77a29fb2383/resourceGroups/assignment1-RG-6288/providers/Microsoft.RecoveryServices/vaults/vault-6288",
            "identity": [],
            "location": "australiaeast",
            "name": "vault-6288",
            "resource_group_name": "assignment1-RG-6288",
            "sku": "Standard",
            "soft_delete_enabled": true,
            "storage_mode_type": "GeoRedundant",
            "tags": {
              "ContactEmail": "dhanyacse21@gmail.com",
              "Environment": "Lab",
              "ExpirationDate": "2022-06-30",
              "Name": "Dhanya.Natarajan",
              "Project": "Automation Project – Assignment 1"
            },
            "timeouts": null
          },
          "sensitive_attributes": [],
          "private": "eyJlMmJmYjczMC1lY2FhLTExZTYtOGY4OC0zNDM2M2JjN2M0YzAiOnsiY3JlYXRlIjoxODAwMDAwMDAwMDAwLCJkZWxldGUiOjE4MDAwMDAwMDAwMDAsInJlYWQiOjMwMDAwMDAwMDAwMCwidXBkYXRlIjoxODAwMDAwMDAwMDAwfX0=",
          "dependencies": [
            "module.resource_group.azurerm_resource_group.resource_group"
          ]
        }
      ]
    },
    {
      "module": "module.common",
      "mode": "managed",
      "type": "azurerm_storage_account",
      "name": "storage_account",
      "provider": "provider[\"registry.terraform.io/hashicorp/azurerm\"]",
      "instances": [
        {
          "schema_version": 3,
          "attributes": {
            "access_tier": "Hot",
            "account_kind": "StorageV2",
            "account_replication_type": "LRS",
            "account_tier": "Standard",
            "allow_nested_items_to_be_public": true,
            "azure_files_authentication": [],
            "blob_properties": [
              {
                "change_feed_enabled": false,
                "container_delete_retention_policy": [],
                "cors_rule": [],
                "default_service_version": "",
                "delete_retention_policy": [],
                "last_access_time_enabled": false,
                "versioning_enabled": false
              }
            ],
            "custom_domain": [],
            "customer_managed_key": [],
            "edge_zone": "",
            "enable_https_traffic_only": true,
            "id": "/subscriptions/0695b55f-07d7-4bb5-b85c-e77a29fb2383/resourceGroups/assignment1-RG-6288/providers/Microsoft.Storage/storageAccounts/6288assignment1",
            "identity": [],
            "infrastructure_encryption_enabled": false,
            "is_hns_enabled": false,
            "large_file_share_enabled": null,
            "location": "australiaeast",
            "min_tls_version": "TLS1_2",
            "name": "6288assignment1",
            "network_rules": [
              {
                "bypass": [
                  "AzureServices"
                ],
                "default_action": "Allow",
                "ip_rules": [],
                "private_link_access": [],
                "virtual_network_subnet_ids": []
              }
            ],
            "nfsv3_enabled": false,
            "primary_access_key": "OHCUQqno0Zn6/pvss7bYhBaGdbBBEL1iRxTwyR3HpdH3hlnorqX65oUzG7qSs5GwEcctYI/qU3Dn+ASth+Hkjg==",
            "primary_blob_connection_string": "DefaultEndpointsProtocol=https;BlobEndpoint=https://6288assignment1.blob.core.windows.net/;AccountName=6288assignment1;AccountKey=OHCUQqno0Zn6/pvss7bYhBaGdbBBEL1iRxTwyR3HpdH3hlnorqX65oUzG7qSs5GwEcctYI/qU3Dn+ASth+Hkjg==",
            "primary_blob_endpoint": "https://6288assignment1.blob.core.windows.net/",
            "primary_blob_host": "6288assignment1.blob.core.windows.net",
            "primary_connection_string": "DefaultEndpointsProtocol=https;AccountName=6288assignment1;AccountKey=OHCUQqno0Zn6/pvss7bYhBaGdbBBEL1iRxTwyR3HpdH3hlnorqX65oUzG7qSs5GwEcctYI/qU3Dn+ASth+Hkjg==;EndpointSuffix=core.windows.net",
            "primary_dfs_endpoint": "https://6288assignment1.dfs.core.windows.net/",
            "primary_dfs_host": "6288assignment1.dfs.core.windows.net",
            "primary_file_endpoint": "https://6288assignment1.file.core.windows.net/",
            "primary_file_host": "6288assignment1.file.core.windows.net",
            "primary_location": "australiaeast",
            "primary_queue_endpoint": "https://6288assignment1.queue.core.windows.net/",
            "primary_queue_host": "6288assignment1.queue.core.windows.net",
            "primary_table_endpoint": "https://6288assignment1.table.core.windows.net/",
            "primary_table_host": "6288assignment1.table.core.windows.net",
            "primary_web_endpoint": "https://6288assignment1.z8.web.core.windows.net/",
            "primary_web_host": "6288assignment1.z8.web.core.windows.net",
            "queue_encryption_key_type": "Service",
            "queue_properties": [
              {
                "cors_rule": [],
                "hour_metrics": [
                  {
                    "enabled": true,
                    "include_apis": true,
                    "retention_policy_days": 7,
                    "version": "1.0"
                  }
                ],
                "logging": [
                  {
                    "delete": false,
                    "read": false,
                    "retention_policy_days": 0,
                    "version": "1.0",
                    "write": false
                  }
                ],
                "minute_metrics": [
                  {
                    "enabled": false,
                    "include_apis": false,
                    "retention_policy_days": 0,
                    "version": "1.0"
                  }
                ]
              }
            ],
            "resource_group_name": "assignment1-RG-6288",
            "routing": [],
            "secondary_access_key": "QM1U64jMvgjUzFhYurlyCC9tBmw0eQJ9FyS2TpTmA8jAlbojY0Qn6dlBbJnmv+dO/+9/E/3UmkkG+ASthmfV7w==",
            "secondary_blob_connection_string": "",
            "secondary_blob_endpoint": null,
            "secondary_blob_host": null,
            "secondary_connection_string": "DefaultEndpointsProtocol=https;AccountName=6288assignment1;AccountKey=QM1U64jMvgjUzFhYurlyCC9tBmw0eQJ9FyS2TpTmA8jAlbojY0Qn6dlBbJnmv+dO/+9/E/3UmkkG+ASthmfV7w==;EndpointSuffix=core.windows.net",
            "secondary_dfs_endpoint": null,
            "secondary_dfs_host": null,
            "secondary_file_endpoint": null,
            "secondary_file_host": null,
            "secondary_location": "",
            "secondary_queue_endpoint": null,
            "secondary_queue_host": null,
            "secondary_table_endpoint": null,
            "secondary_table_host": null,
            "secondary_web_endpoint": null,
            "secondary_web_host": null,
            "share_properties": [
              {
                "cors_rule": [],
                "retention_policy": [
                  {
                    "days": 7
                  }
                ],
                "smb": []
              }
            ],
            "shared_access_key_enabled": true,
            "static_website": [],
            "table_encryption_key_type": "Service",
            "tags": {
              "ContactEmail": "dhanyacse21@gmail.com",
              "Environment": "Lab",
              "ExpirationDate": "2022-06-30",
              "Name": "Dhanya.Natarajan",
              "Project": "Automation Project – Assignment 1"
            },
            "timeouts": null
          },
          "sensitive_attributes": [],
          "private": "eyJlMmJmYjczMC1lY2FhLTExZTYtOGY4OC0zNDM2M2JjN2M0YzAiOnsiY3JlYXRlIjozNjAwMDAwMDAwMDAwLCJkZWxldGUiOjM2MDAwMDAwMDAwMDAsInJlYWQiOjMwMDAwMDAwMDAwMCwidXBkYXRlIjozNjAwMDAwMDAwMDAwfSwic2NoZW1hX3ZlcnNpb24iOiIzIn0=",
          "dependencies": [
            "module.resource_group.azurerm_resource_group.resource_group"
          ]
        }
      ]
    },
    {
      "module": "module.common",
      "mode": "managed",
      "type": "azurerm_storage_blob",
      "name": "storage_blob",
      "provider": "provider[\"registry.terraform.io/hashicorp/azurerm\"]",
      "instances": [
        {
          "schema_version": 1,
          "attributes": {
            "access_tier": "Hot",
            "cache_control": "",
            "content_md5": "",
            "content_type": "application/octet-stream",
            "id": "https://6288assignment1.blob.core.windows.net/storage-container-6288/storage_blob-6288",
            "metadata": {},
            "name": "storage_blob-6288",
            "parallelism": 8,
            "size": 0,
            "source": null,
            "source_content": null,
            "source_uri": null,
            "storage_account_name": "6288assignment1",
            "storage_container_name": "storage-container-6288",
            "timeouts": null,
            "type": "Block",
            "url": "https://6288assignment1.blob.core.windows.net/storage-container-6288/storage_blob-6288"
          },
          "sensitive_attributes": [],
          "private": "eyJlMmJmYjczMC1lY2FhLTExZTYtOGY4OC0zNDM2M2JjN2M0YzAiOnsiY3JlYXRlIjoxODAwMDAwMDAwMDAwLCJkZWxldGUiOjE4MDAwMDAwMDAwMDAsInJlYWQiOjMwMDAwMDAwMDAwMCwidXBkYXRlIjoxODAwMDAwMDAwMDAwfSwic2NoZW1hX3ZlcnNpb24iOiIxIn0=",
          "dependencies": [
            "module.common.azurerm_storage_account.storage_account",
            "module.common.azurerm_storage_container.storage_container",
            "module.resource_group.azurerm_resource_group.resource_group"
          ]
        }
      ]
    },
    {
      "module": "module.common",
      "mode": "managed",
      "type": "azurerm_storage_container",
      "name": "storage_container",
      "provider": "provider[\"registry.terraform.io/hashicorp/azurerm\"]",
      "instances": [
        {
          "schema_version": 1,
          "attributes": {
            "container_access_type": "private",
            "has_immutability_policy": false,
            "has_legal_hold": false,
            "id": "https://6288assignment1.blob.core.windows.net/storage-container-6288",
            "metadata": {},
            "name": "storage-container-6288",
            "resource_manager_id": "/subscriptions/0695b55f-07d7-4bb5-b85c-e77a29fb2383/resourceGroups/assignment1-RG-6288/providers/Microsoft.Storage/storageAccounts/6288assignment1/blobServices/default/containers/storage-container-6288",
            "storage_account_name": "6288assignment1",
            "timeouts": null
          },
          "sensitive_attributes": [],
          "private": "eyJlMmJmYjczMC1lY2FhLTExZTYtOGY4OC0zNDM2M2JjN2M0YzAiOnsiY3JlYXRlIjoxODAwMDAwMDAwMDAwLCJkZWxldGUiOjE4MDAwMDAwMDAwMDAsInJlYWQiOjMwMDAwMDAwMDAwMCwidXBkYXRlIjoxODAwMDAwMDAwMDAwfSwic2NoZW1hX3ZlcnNpb24iOiIxIn0=",
          "dependencies": [
            "module.common.azurerm_storage_account.storage_account",
            "module.resource_group.azurerm_resource_group.resource_group"
          ]
        }
      ]
    },
    {
      "module": "module.database",
      "mode": "managed",
      "type": "azurerm_postgresql_database",
      "name": "database",
      "provider": "provider[\"registry.terraform.io/hashicorp/azurerm\"]",
      "instances": [
        {
          "schema_version": 0,
          "attributes": {
            "charset": "UTF8",
            "collation": "English_United States.1252",
            "id": "/subscriptions/0695b55f-07d7-4bb5-b85c-e77a29fb2383/resourceGroups/assignment1-RG-6288/providers/Microsoft.DBforPostgreSQL/servers/postgresql-server-6288/databases/database-6288",
            "name": "database-6288",
            "resource_group_name": "assignment1-RG-6288",
            "server_name": "postgresql-server-6288",
            "timeouts": null
          },
          "sensitive_attributes": [],
          "private": "eyJlMmJmYjczMC1lY2FhLTExZTYtOGY4OC0zNDM2M2JjN2M0YzAiOnsiY3JlYXRlIjozNjAwMDAwMDAwMDAwLCJkZWxldGUiOjM2MDAwMDAwMDAwMDAsInJlYWQiOjMwMDAwMDAwMDAwMCwidXBkYXRlIjozNjAwMDAwMDAwMDAwfX0=",
          "dependencies": [
            "module.database.azurerm_postgresql_server.postsql_server",
            "module.network.azurerm_subnet.subnet",
            "module.network.azurerm_virtual_network.vnet",
            "module.resource_group.azurerm_resource_group.resource_group"
          ]
        }
      ]
    },
    {
      "module": "module.database",
      "mode": "managed",
      "type": "azurerm_postgresql_server",
      "name": "postsql_server",
      "provider": "provider[\"registry.terraform.io/hashicorp/azurerm\"]",
      "instances": [
        {
          "schema_version": 0,
          "attributes": {
            "administrator_login": "n01486288",
            "administrator_login_password": "assignment1-6288",
            "auto_grow_enabled": true,
            "backup_retention_days": 7,
            "create_mode": "Default",
            "creation_source_server_id": null,
            "fqdn": "postgresql-server-6288.postgres.database.azure.com",
            "geo_redundant_backup_enabled": false,
            "id": "/subscriptions/0695b55f-07d7-4bb5-b85c-e77a29fb2383/resourceGroups/assignment1-RG-6288/providers/Microsoft.DBforPostgreSQL/servers/postgresql-server-6288",
            "identity": [],
            "infrastructure_encryption_enabled": false,
            "location": "australiaeast",
            "name": "postgresql-server-6288",
            "public_network_access_enabled": true,
            "resource_group_name": "assignment1-RG-6288",
            "restore_point_in_time": null,
            "sku_name": "B_Gen5_2",
            "ssl_enforcement_enabled": true,
            "ssl_minimal_tls_version_enforced": "TLS1_2",
            "storage_mb": 5120,
            "tags": {
              "ContactEmail": "dhanyacse21@gmail.com",
              "Environment": "Lab",
              "ExpirationDate": "2022-06-30",
              "Name": "Dhanya.Natarajan",
              "Project": "Automation Project – Assignment 1"
            },
            "threat_detection_policy": [],
            "timeouts": null,
            "version": "11"
          },
          "sensitive_attributes": [],
          "private": "eyJlMmJmYjczMC1lY2FhLTExZTYtOGY4OC0zNDM2M2JjN2M0YzAiOnsiY3JlYXRlIjozNjAwMDAwMDAwMDAwLCJkZWxldGUiOjM2MDAwMDAwMDAwMDAsInJlYWQiOjMwMDAwMDAwMDAwMCwidXBkYXRlIjozNjAwMDAwMDAwMDAwfX0=",
          "dependencies": [
            "module.network.azurerm_subnet.subnet",
            "module.network.azurerm_virtual_network.vnet",
            "module.resource_group.azurerm_resource_group.resource_group"
          ]
        }
      ]
    },
    {
      "module": "module.datadisk",
      "mode": "managed",
      "type": "azurerm_managed_disk",
      "name": "linux_data_disk",
      "provider": "provider[\"registry.terraform.io/hashicorp/azurerm\"]",
      "instances": [
        {
          "index_key": "lvm-6288-vm-1",
          "schema_version": 0,
          "attributes": {
            "create_option": "Empty",
            "disk_access_id": "",
            "disk_encryption_set_id": "",
            "disk_iops_read_only": 0,
            "disk_iops_read_write": 500,
            "disk_mbps_read_only": 0,
            "disk_mbps_read_write": 60,
            "disk_size_gb": 10,
            "edge_zone": "",
            "encryption_settings": [],
            "gallery_image_reference_id": "",
            "hyper_v_generation": "",
            "id": "/subscriptions/0695b55f-07d7-4bb5-b85c-e77a29fb2383/resourceGroups/assignment1-RG-6288/providers/Microsoft.Compute/disks/lvm-6288-vm-1-data-disk",
            "image_reference_id": "",
            "location": "australiaeast",
            "logical_sector_size": null,
            "max_shares": 0,
            "name": "lvm-6288-vm-1-data-disk",
            "network_access_policy": null,
            "on_demand_bursting_enabled": false,
            "os_type": "",
            "public_network_access_enabled": true,
            "resource_group_name": "assignment1-RG-6288",
            "source_resource_id": "",
            "source_uri": "",
            "storage_account_id": "",
            "storage_account_type": "Standard_LRS",
            "tags": {
              "ContactEmail": "dhanyacse21@gmail.com",
              "Environment": "Lab",
              "ExpirationDate": "2022-06-30",
              "Name": "Dhanya.Natarajan",
              "Project": "Automation Project – Assignment 1"
            },
            "tier": "",
            "timeouts": null,
            "trusted_launch_enabled": false,
            "zone": ""
          },
          "sensitive_attributes": [],
          "private": "eyJlMmJmYjczMC1lY2FhLTExZTYtOGY4OC0zNDM2M2JjN2M0YzAiOnsiY3JlYXRlIjoxODAwMDAwMDAwMDAwLCJkZWxldGUiOjE4MDAwMDAwMDAwMDAsInJlYWQiOjMwMDAwMDAwMDAwMCwidXBkYXRlIjoxODAwMDAwMDAwMDAwfX0=",
          "dependencies": [
            "module.common.azurerm_storage_account.storage_account",
            "module.network.azurerm_subnet.subnet",
            "module.network.azurerm_virtual_network.vnet",
            "module.resource_group.azurerm_resource_group.resource_group",
            "module.vmlinux.azurerm_availability_set.linux-avs",
            "module.vmlinux.azurerm_linux_virtual_machine.linux-vm",
            "module.vmlinux.azurerm_network_interface.linux-nic",
            "module.vmlinux.azurerm_public_ip.linux-pip",
            "module.vmlinux.azurerm_virtual_machine_extension.linux-vme",
            "module.vmlinux.null_resource.linux_provisioner",
            "module.vmwindows.azurerm_availability_set.windows-avs",
            "module.vmwindows.azurerm_network_interface.windows-nic",
            "module.vmwindows.azurerm_public_ip.windows-pip",
            "module.vmwindows.azurerm_virtual_machine_extension.windows-vmexe",
            "module.vmwindows.azurerm_windows_virtual_machine.windows-vm"
          ]
        },
        {
          "index_key": "lvm-6288-vm-2",
          "schema_version": 0,
          "attributes": {
            "create_option": "Empty",
            "disk_access_id": "",
            "disk_encryption_set_id": "",
            "disk_iops_read_only": 0,
            "disk_iops_read_write": 500,
            "disk_mbps_read_only": 0,
            "disk_mbps_read_write": 60,
            "disk_size_gb": 10,
            "edge_zone": "",
            "encryption_settings": [],
            "gallery_image_reference_id": "",
            "hyper_v_generation": "",
            "id": "/subscriptions/0695b55f-07d7-4bb5-b85c-e77a29fb2383/resourceGroups/assignment1-RG-6288/providers/Microsoft.Compute/disks/lvm-6288-vm-2-data-disk",
            "image_reference_id": "",
            "location": "australiaeast",
            "logical_sector_size": null,
            "max_shares": 0,
            "name": "lvm-6288-vm-2-data-disk",
            "network_access_policy": null,
            "on_demand_bursting_enabled": false,
            "os_type": "",
            "public_network_access_enabled": true,
            "resource_group_name": "assignment1-RG-6288",
            "source_resource_id": "",
            "source_uri": "",
            "storage_account_id": "",
            "storage_account_type": "Standard_LRS",
            "tags": {
              "ContactEmail": "dhanyacse21@gmail.com",
              "Environment": "Lab",
              "ExpirationDate": "2022-06-30",
              "Name": "Dhanya.Natarajan",
              "Project": "Automation Project – Assignment 1"
            },
            "tier": "",
            "timeouts": null,
            "trusted_launch_enabled": false,
            "zone": ""
          },
          "sensitive_attributes": [],
          "private": "eyJlMmJmYjczMC1lY2FhLTExZTYtOGY4OC0zNDM2M2JjN2M0YzAiOnsiY3JlYXRlIjoxODAwMDAwMDAwMDAwLCJkZWxldGUiOjE4MDAwMDAwMDAwMDAsInJlYWQiOjMwMDAwMDAwMDAwMCwidXBkYXRlIjoxODAwMDAwMDAwMDAwfX0=",
          "dependencies": [
            "module.common.azurerm_storage_account.storage_account",
            "module.network.azurerm_subnet.subnet",
            "module.network.azurerm_virtual_network.vnet",
            "module.resource_group.azurerm_resource_group.resource_group",
            "module.vmlinux.azurerm_availability_set.linux-avs",
            "module.vmlinux.azurerm_linux_virtual_machine.linux-vm",
            "module.vmlinux.azurerm_network_interface.linux-nic",
            "module.vmlinux.azurerm_public_ip.linux-pip",
            "module.vmlinux.azurerm_virtual_machine_extension.linux-vme",
            "module.vmlinux.null_resource.linux_provisioner",
            "module.vmwindows.azurerm_availability_set.windows-avs",
            "module.vmwindows.azurerm_network_interface.windows-nic",
            "module.vmwindows.azurerm_public_ip.windows-pip",
            "module.vmwindows.azurerm_virtual_machine_extension.windows-vmexe",
            "module.vmwindows.azurerm_windows_virtual_machine.windows-vm"
          ]
        }
      ]
    },
    {
      "module": "module.datadisk",
      "mode": "managed",
      "type": "azurerm_managed_disk",
      "name": "windows_data_disk",
      "provider": "provider[\"registry.terraform.io/hashicorp/azurerm\"]",
      "instances": [
        {
          "schema_version": 0,
          "attributes": {
            "create_option": "Empty",
            "disk_access_id": "",
            "disk_encryption_set_id": "",
            "disk_iops_read_only": 0,
            "disk_iops_read_write": 500,
            "disk_mbps_read_only": 0,
            "disk_mbps_read_write": 60,
            "disk_size_gb": 10,
            "edge_zone": "",
            "encryption_settings": [],
            "gallery_image_reference_id": "",
            "hyper_v_generation": "",
            "id": "/subscriptions/0695b55f-07d7-4bb5-b85c-e77a29fb2383/resourceGroups/assignment1-RG-6288/providers/Microsoft.Compute/disks/wsvm-6288-vm-data-disk",
            "image_reference_id": "",
            "location": "australiaeast",
            "logical_sector_size": null,
            "max_shares": 0,
            "name": "wsvm-6288-vm-data-disk",
            "network_access_policy": null,
            "on_demand_bursting_enabled": false,
            "os_type": "",
            "public_network_access_enabled": true,
            "resource_group_name": "assignment1-RG-6288",
            "source_resource_id": "",
            "source_uri": "",
            "storage_account_id": "",
            "storage_account_type": "Standard_LRS",
            "tags": {
              "ContactEmail": "dhanyacse21@gmail.com",
              "Environment": "Lab",
              "ExpirationDate": "2022-06-30",
              "Name": "Dhanya.Natarajan",
              "Project": "Automation Project – Assignment 1"
            },
            "tier": "",
            "timeouts": null,
            "trusted_launch_enabled": false,
            "zone": ""
          },
          "sensitive_attributes": [],
          "private": "eyJlMmJmYjczMC1lY2FhLTExZTYtOGY4OC0zNDM2M2JjN2M0YzAiOnsiY3JlYXRlIjoxODAwMDAwMDAwMDAwLCJkZWxldGUiOjE4MDAwMDAwMDAwMDAsInJlYWQiOjMwMDAwMDAwMDAwMCwidXBkYXRlIjoxODAwMDAwMDAwMDAwfX0=",
          "dependencies": [
            "module.common.azurerm_storage_account.storage_account",
            "module.network.azurerm_subnet.subnet",
            "module.network.azurerm_virtual_network.vnet",
            "module.resource_group.azurerm_resource_group.resource_group",
            "module.vmlinux.azurerm_availability_set.linux-avs",
            "module.vmlinux.azurerm_linux_virtual_machine.linux-vm",
            "module.vmlinux.azurerm_network_interface.linux-nic",
            "module.vmlinux.azurerm_public_ip.linux-pip",
            "module.vmlinux.azurerm_virtual_machine_extension.linux-vme",
            "module.vmlinux.null_resource.linux_provisioner",
            "module.vmwindows.azurerm_availability_set.windows-avs",
            "module.vmwindows.azurerm_network_interface.windows-nic",
            "module.vmwindows.azurerm_public_ip.windows-pip",
            "module.vmwindows.azurerm_virtual_machine_extension.windows-vmexe",
            "module.vmwindows.azurerm_windows_virtual_machine.windows-vm"
          ]
        }
      ]
    },
    {
      "module": "module.datadisk",
      "mode": "managed",
      "type": "azurerm_virtual_machine_data_disk_attachment",
      "name": "linux_data_disk_attach",
      "provider": "provider[\"registry.terraform.io/hashicorp/azurerm\"]",
      "instances": [
        {
          "index_key": "lvm-6288-vm-1",
          "schema_version": 0,
          "attributes": {
            "caching": "ReadWrite",
            "create_option": "Attach",
            "id": "/subscriptions/0695b55f-07d7-4bb5-b85c-e77a29fb2383/resourceGroups/assignment1-RG-6288/providers/Microsoft.Compute/virtualMachines/lvm-6288-vm-1/dataDisks/lvm-6288-vm-1-data-disk",
            "lun": 0,
            "managed_disk_id": "/subscriptions/0695b55f-07d7-4bb5-b85c-e77a29fb2383/resourceGroups/assignment1-RG-6288/providers/Microsoft.Compute/disks/lvm-6288-vm-1-data-disk",
            "timeouts": null,
            "virtual_machine_id": "/subscriptions/0695b55f-07d7-4bb5-b85c-e77a29fb2383/resourceGroups/assignment1-RG-6288/providers/Microsoft.Compute/virtualMachines/lvm-6288-vm-1",
            "write_accelerator_enabled": false
          },
          "sensitive_attributes": [],
          "private": "eyJlMmJmYjczMC1lY2FhLTExZTYtOGY4OC0zNDM2M2JjN2M0YzAiOnsiY3JlYXRlIjoxODAwMDAwMDAwMDAwLCJkZWxldGUiOjE4MDAwMDAwMDAwMDAsInJlYWQiOjMwMDAwMDAwMDAwMCwidXBkYXRlIjoxODAwMDAwMDAwMDAwfX0=",
          "dependencies": [
            "module.common.azurerm_storage_account.storage_account",
            "module.datadisk.azurerm_managed_disk.linux_data_disk",
            "module.network.azurerm_subnet.subnet",
            "module.network.azurerm_virtual_network.vnet",
            "module.resource_group.azurerm_resource_group.resource_group",
            "module.vmlinux.azurerm_availability_set.linux-avs",
            "module.vmlinux.azurerm_linux_virtual_machine.linux-vm",
            "module.vmlinux.azurerm_network_interface.linux-nic",
            "module.vmlinux.azurerm_public_ip.linux-pip",
            "module.vmlinux.azurerm_virtual_machine_extension.linux-vme",
            "module.vmlinux.null_resource.linux_provisioner",
            "module.vmwindows.azurerm_availability_set.windows-avs",
            "module.vmwindows.azurerm_network_interface.windows-nic",
            "module.vmwindows.azurerm_public_ip.windows-pip",
            "module.vmwindows.azurerm_virtual_machine_extension.windows-vmexe",
            "module.vmwindows.azurerm_windows_virtual_machine.windows-vm"
          ]
        },
        {
          "index_key": "lvm-6288-vm-2",
          "schema_version": 0,
          "attributes": {
            "caching": "ReadWrite",
            "create_option": "Attach",
            "id": "/subscriptions/0695b55f-07d7-4bb5-b85c-e77a29fb2383/resourceGroups/assignment1-RG-6288/providers/Microsoft.Compute/virtualMachines/lvm-6288-vm-2/dataDisks/lvm-6288-vm-2-data-disk",
            "lun": 0,
            "managed_disk_id": "/subscriptions/0695b55f-07d7-4bb5-b85c-e77a29fb2383/resourceGroups/assignment1-RG-6288/providers/Microsoft.Compute/disks/lvm-6288-vm-2-data-disk",
            "timeouts": null,
            "virtual_machine_id": "/subscriptions/0695b55f-07d7-4bb5-b85c-e77a29fb2383/resourceGroups/assignment1-RG-6288/providers/Microsoft.Compute/virtualMachines/lvm-6288-vm-2",
            "write_accelerator_enabled": false
          },
          "sensitive_attributes": [],
          "private": "eyJlMmJmYjczMC1lY2FhLTExZTYtOGY4OC0zNDM2M2JjN2M0YzAiOnsiY3JlYXRlIjoxODAwMDAwMDAwMDAwLCJkZWxldGUiOjE4MDAwMDAwMDAwMDAsInJlYWQiOjMwMDAwMDAwMDAwMCwidXBkYXRlIjoxODAwMDAwMDAwMDAwfX0=",
          "dependencies": [
            "module.common.azurerm_storage_account.storage_account",
            "module.datadisk.azurerm_managed_disk.linux_data_disk",
            "module.network.azurerm_subnet.subnet",
            "module.network.azurerm_virtual_network.vnet",
            "module.resource_group.azurerm_resource_group.resource_group",
            "module.vmlinux.azurerm_availability_set.linux-avs",
            "module.vmlinux.azurerm_linux_virtual_machine.linux-vm",
            "module.vmlinux.azurerm_network_interface.linux-nic",
            "module.vmlinux.azurerm_public_ip.linux-pip",
            "module.vmlinux.azurerm_virtual_machine_extension.linux-vme",
            "module.vmlinux.null_resource.linux_provisioner",
            "module.vmwindows.azurerm_availability_set.windows-avs",
            "module.vmwindows.azurerm_network_interface.windows-nic",
            "module.vmwindows.azurerm_public_ip.windows-pip",
            "module.vmwindows.azurerm_virtual_machine_extension.windows-vmexe",
            "module.vmwindows.azurerm_windows_virtual_machine.windows-vm"
          ]
        }
      ]
    },
    {
      "module": "module.datadisk",
      "mode": "managed",
      "type": "azurerm_virtual_machine_data_disk_attachment",
      "name": "windows_data_disk_attach",
      "provider": "provider[\"registry.terraform.io/hashicorp/azurerm\"]",
      "instances": [
        {
          "schema_version": 0,
          "attributes": {
            "caching": "ReadWrite",
            "create_option": "Attach",
            "id": "/subscriptions/0695b55f-07d7-4bb5-b85c-e77a29fb2383/resourceGroups/assignment1-RG-6288/providers/Microsoft.Compute/virtualMachines/wsvm-6288-vm/dataDisks/wsvm-6288-vm-data-disk",
            "lun": 0,
            "managed_disk_id": "/subscriptions/0695b55f-07d7-4bb5-b85c-e77a29fb2383/resourceGroups/assignment1-RG-6288/providers/Microsoft.Compute/disks/wsvm-6288-vm-data-disk",
            "timeouts": null,
            "virtual_machine_id": "/subscriptions/0695b55f-07d7-4bb5-b85c-e77a29fb2383/resourceGroups/assignment1-RG-6288/providers/Microsoft.Compute/virtualMachines/wsvm-6288-vm",
            "write_accelerator_enabled": false
          },
          "sensitive_attributes": [],
          "private": "eyJlMmJmYjczMC1lY2FhLTExZTYtOGY4OC0zNDM2M2JjN2M0YzAiOnsiY3JlYXRlIjoxODAwMDAwMDAwMDAwLCJkZWxldGUiOjE4MDAwMDAwMDAwMDAsInJlYWQiOjMwMDAwMDAwMDAwMCwidXBkYXRlIjoxODAwMDAwMDAwMDAwfX0=",
          "dependencies": [
            "module.common.azurerm_storage_account.storage_account",
            "module.datadisk.azurerm_managed_disk.windows_data_disk",
            "module.network.azurerm_subnet.subnet",
            "module.network.azurerm_virtual_network.vnet",
            "module.resource_group.azurerm_resource_group.resource_group",
            "module.vmlinux.azurerm_availability_set.linux-avs",
            "module.vmlinux.azurerm_linux_virtual_machine.linux-vm",
            "module.vmlinux.azurerm_network_interface.linux-nic",
            "module.vmlinux.azurerm_public_ip.linux-pip",
            "module.vmlinux.azurerm_virtual_machine_extension.linux-vme",
            "module.vmlinux.null_resource.linux_provisioner",
            "module.vmwindows.azurerm_availability_set.windows-avs",
            "module.vmwindows.azurerm_network_interface.windows-nic",
            "module.vmwindows.azurerm_public_ip.windows-pip",
            "module.vmwindows.azurerm_virtual_machine_extension.windows-vmexe",
            "module.vmwindows.azurerm_windows_virtual_machine.windows-vm"
          ]
        }
      ]
    },
    {
      "module": "module.loadbalancer",
      "mode": "managed",
      "type": "azurerm_lb",
      "name": "loadbalancer",
      "provider": "provider[\"registry.terraform.io/hashicorp/azurerm\"]",
      "instances": [
        {
          "schema_version": 0,
          "attributes": {
            "edge_zone": "",
            "frontend_ip_configuration": [
              {
                "gateway_load_balancer_frontend_ip_configuration_id": "",
                "id": "/subscriptions/0695b55f-07d7-4bb5-b85c-e77a29fb2383/resourceGroups/assignment1-RG-6288/providers/Microsoft.Network/loadBalancers/loadbalancer-6288/frontendIPConfigurations/PublicIPAddress_1",
                "inbound_nat_rules": [],
                "load_balancer_rules": [],
                "name": "PublicIPAddress_1",
                "outbound_rules": [],
                "private_ip_address": "",
                "private_ip_address_allocation": "Dynamic",
                "private_ip_address_version": "",
                "public_ip_address_id": "/subscriptions/0695b55f-07d7-4bb5-b85c-e77a29fb2383/resourceGroups/assignment1-RG-6288/providers/Microsoft.Network/publicIPAddresses/loadbalancer-pubip-6288-lbpip-1",
                "public_ip_prefix_id": "",
                "subnet_id": "",
                "zones": null
              },
              {
                "gateway_load_balancer_frontend_ip_configuration_id": "",
                "id": "/subscriptions/0695b55f-07d7-4bb5-b85c-e77a29fb2383/resourceGroups/assignment1-RG-6288/providers/Microsoft.Network/loadBalancers/loadbalancer-6288/frontendIPConfigurations/PublicIPAddress_2",
                "inbound_nat_rules": [],
                "load_balancer_rules": [],
                "name": "PublicIPAddress_2",
                "outbound_rules": [],
                "private_ip_address": "",
                "private_ip_address_allocation": "Dynamic",
                "private_ip_address_version": "",
                "public_ip_address_id": "/subscriptions/0695b55f-07d7-4bb5-b85c-e77a29fb2383/resourceGroups/assignment1-RG-6288/providers/Microsoft.Network/publicIPAddresses/loadbalancer-pubip-6288-lbpip-2",
                "public_ip_prefix_id": "",
                "subnet_id": "",
                "zones": null
              }
            ],
            "id": "/subscriptions/0695b55f-07d7-4bb5-b85c-e77a29fb2383/resourceGroups/assignment1-RG-6288/providers/Microsoft.Network/loadBalancers/loadbalancer-6288",
            "location": "australiaeast",
            "name": "loadbalancer-6288",
            "private_ip_address": "",
            "private_ip_addresses": [],
            "resource_group_name": "assignment1-RG-6288",
            "sku": "Basic",
            "sku_tier": "Regional",
            "tags": {
              "ContactEmail": "dhanyacse21@gmail.com",
              "Environment": "Lab",
              "ExpirationDate": "2022-06-30",
              "Name": "Dhanya.Natarajan",
              "Project": "Automation Project – Assignment 1"
            },
            "timeouts": null
          },
          "sensitive_attributes": [],
          "private": "eyJlMmJmYjczMC1lY2FhLTExZTYtOGY4OC0zNDM2M2JjN2M0YzAiOnsiY3JlYXRlIjoxODAwMDAwMDAwMDAwLCJkZWxldGUiOjE4MDAwMDAwMDAwMDAsInJlYWQiOjMwMDAwMDAwMDAwMCwidXBkYXRlIjoxODAwMDAwMDAwMDAwfX0=",
          "dependencies": [
            "module.common.azurerm_storage_account.storage_account",
            "module.loadbalancer.azurerm_public_ip.loadbalancer-pubip",
            "module.network.azurerm_subnet.subnet",
            "module.network.azurerm_virtual_network.vnet",
            "module.resource_group.azurerm_resource_group.resource_group",
            "module.vmlinux.azurerm_availability_set.linux-avs",
            "module.vmlinux.azurerm_linux_virtual_machine.linux-vm",
            "module.vmlinux.azurerm_network_interface.linux-nic",
            "module.vmlinux.azurerm_public_ip.linux-pip",
            "module.vmlinux.azurerm_virtual_machine_extension.linux-vme",
            "module.vmlinux.null_resource.linux_provisioner",
            "module.vmwindows.azurerm_availability_set.windows-avs",
            "module.vmwindows.azurerm_network_interface.windows-nic",
            "module.vmwindows.azurerm_public_ip.windows-pip",
            "module.vmwindows.azurerm_virtual_machine_extension.windows-vmexe",
            "module.vmwindows.azurerm_windows_virtual_machine.windows-vm"
          ]
        }
      ]
    },
    {
      "module": "module.loadbalancer",
      "mode": "managed",
      "type": "azurerm_lb_backend_address_pool",
      "name": "backend_address_pool",
      "provider": "provider[\"registry.terraform.io/hashicorp/azurerm\"]",
      "instances": [
        {
          "schema_version": 0,
          "attributes": {
            "backend_ip_configurations": [],
            "id": "/subscriptions/0695b55f-07d7-4bb5-b85c-e77a29fb2383/resourceGroups/assignment1-RG-6288/providers/Microsoft.Network/loadBalancers/loadbalancer-6288/backendAddressPools/backendaddresspool-6288",
            "load_balancing_rules": [],
            "loadbalancer_id": "/subscriptions/0695b55f-07d7-4bb5-b85c-e77a29fb2383/resourceGroups/assignment1-RG-6288/providers/Microsoft.Network/loadBalancers/loadbalancer-6288",
            "name": "backendaddresspool-6288",
            "outbound_rules": [],
            "timeouts": null,
            "tunnel_interface": []
          },
          "sensitive_attributes": [],
          "private": "eyJlMmJmYjczMC1lY2FhLTExZTYtOGY4OC0zNDM2M2JjN2M0YzAiOnsiY3JlYXRlIjoxODAwMDAwMDAwMDAwLCJkZWxldGUiOjE4MDAwMDAwMDAwMDAsInJlYWQiOjMwMDAwMDAwMDAwMCwidXBkYXRlIjoxODAwMDAwMDAwMDAwfX0=",
          "dependencies": [
            "module.common.azurerm_storage_account.storage_account",
            "module.loadbalancer.azurerm_lb.loadbalancer",
            "module.loadbalancer.azurerm_public_ip.loadbalancer-pubip",
            "module.network.azurerm_subnet.subnet",
            "module.network.azurerm_virtual_network.vnet",
            "module.resource_group.azurerm_resource_group.resource_group",
            "module.vmlinux.azurerm_availability_set.linux-avs",
            "module.vmlinux.azurerm_linux_virtual_machine.linux-vm",
            "module.vmlinux.azurerm_network_interface.linux-nic",
            "module.vmlinux.azurerm_public_ip.linux-pip",
            "module.vmlinux.azurerm_virtual_machine_extension.linux-vme",
            "module.vmlinux.null_resource.linux_provisioner",
            "module.vmwindows.azurerm_availability_set.windows-avs",
            "module.vmwindows.azurerm_network_interface.windows-nic",
            "module.vmwindows.azurerm_public_ip.windows-pip",
            "module.vmwindows.azurerm_virtual_machine_extension.windows-vmexe",
            "module.vmwindows.azurerm_windows_virtual_machine.windows-vm"
          ]
        }
      ]
    },
    {
      "module": "module.loadbalancer",
      "mode": "managed",
      "type": "azurerm_lb_probe",
      "name": "loadbalancer_probe",
      "provider": "provider[\"registry.terraform.io/hashicorp/azurerm\"]",
      "instances": [
        {
          "schema_version": 0,
          "attributes": {
            "id": "/subscriptions/0695b55f-07d7-4bb5-b85c-e77a29fb2383/resourceGroups/assignment1-RG-6288/providers/Microsoft.Network/loadBalancers/loadbalancer-6288/probes/loadbalancer-probe-6288",
            "interval_in_seconds": 5,
            "load_balancer_rules": [],
            "loadbalancer_id": "/subscriptions/0695b55f-07d7-4bb5-b85c-e77a29fb2383/resourceGroups/assignment1-RG-6288/providers/Microsoft.Network/loadBalancers/loadbalancer-6288",
            "name": "loadbalancer-probe-6288",
            "number_of_probes": 2,
            "port": 80,
            "protocol": "Tcp",
            "request_path": "",
            "timeouts": null
          },
          "sensitive_attributes": [],
          "private": "eyJlMmJmYjczMC1lY2FhLTExZTYtOGY4OC0zNDM2M2JjN2M0YzAiOnsiY3JlYXRlIjoxODAwMDAwMDAwMDAwLCJkZWxldGUiOjE4MDAwMDAwMDAwMDAsInJlYWQiOjMwMDAwMDAwMDAwMCwidXBkYXRlIjoxODAwMDAwMDAwMDAwfX0=",
          "dependencies": [
            "module.common.azurerm_storage_account.storage_account",
            "module.loadbalancer.azurerm_lb.loadbalancer",
            "module.loadbalancer.azurerm_public_ip.loadbalancer-pubip",
            "module.network.azurerm_subnet.subnet",
            "module.network.azurerm_virtual_network.vnet",
            "module.resource_group.azurerm_resource_group.resource_group",
            "module.vmlinux.azurerm_availability_set.linux-avs",
            "module.vmlinux.azurerm_linux_virtual_machine.linux-vm",
            "module.vmlinux.azurerm_network_interface.linux-nic",
            "module.vmlinux.azurerm_public_ip.linux-pip",
            "module.vmlinux.azurerm_virtual_machine_extension.linux-vme",
            "module.vmlinux.null_resource.linux_provisioner",
            "module.vmwindows.azurerm_availability_set.windows-avs",
            "module.vmwindows.azurerm_network_interface.windows-nic",
            "module.vmwindows.azurerm_public_ip.windows-pip",
            "module.vmwindows.azurerm_virtual_machine_extension.windows-vmexe",
            "module.vmwindows.azurerm_windows_virtual_machine.windows-vm"
          ]
        }
      ]
    },
    {
      "module": "module.loadbalancer",
      "mode": "managed",
      "type": "azurerm_lb_rule",
      "name": "loadbalancer_rule",
      "provider": "provider[\"registry.terraform.io/hashicorp/azurerm\"]",
      "instances": [
        {
          "index_key": 0,
          "schema_version": 0,
          "attributes": {
            "backend_address_pool_ids": null,
            "backend_port": 3839,
            "disable_outbound_snat": false,
            "enable_floating_ip": false,
            "enable_tcp_reset": false,
            "frontend_ip_configuration_id": "/subscriptions/0695b55f-07d7-4bb5-b85c-e77a29fb2383/resourceGroups/assignment1-RG-6288/providers/Microsoft.Network/loadBalancers/loadbalancer-6288/frontendIPConfigurations/PublicIPAddress_1",
            "frontend_ip_configuration_name": "PublicIPAddress_1",
            "frontend_port": 3839,
            "id": "/subscriptions/0695b55f-07d7-4bb5-b85c-e77a29fb2383/resourceGroups/assignment1-RG-6288/providers/Microsoft.Network/loadBalancers/loadbalancer-6288/loadBalancingRules/loadbalancer-rule-6288-1",
            "idle_timeout_in_minutes": 4,
            "load_distribution": "Default",
            "loadbalancer_id": "/subscriptions/0695b55f-07d7-4bb5-b85c-e77a29fb2383/resourceGroups/assignment1-RG-6288/providers/Microsoft.Network/loadBalancers/loadbalancer-6288",
            "name": "loadbalancer-rule-6288-1",
            "probe_id": "",
            "protocol": "Tcp",
            "timeouts": null
          },
          "sensitive_attributes": [],
          "private": "eyJlMmJmYjczMC1lY2FhLTExZTYtOGY4OC0zNDM2M2JjN2M0YzAiOnsiY3JlYXRlIjoxODAwMDAwMDAwMDAwLCJkZWxldGUiOjE4MDAwMDAwMDAwMDAsInJlYWQiOjMwMDAwMDAwMDAwMCwidXBkYXRlIjoxODAwMDAwMDAwMDAwfX0=",
          "dependencies": [
            "module.common.azurerm_storage_account.storage_account",
            "module.loadbalancer.azurerm_lb.loadbalancer",
            "module.loadbalancer.azurerm_public_ip.loadbalancer-pubip",
            "module.network.azurerm_subnet.subnet",
            "module.network.azurerm_virtual_network.vnet",
            "module.resource_group.azurerm_resource_group.resource_group",
            "module.vmlinux.azurerm_availability_set.linux-avs",
            "module.vmlinux.azurerm_linux_virtual_machine.linux-vm",
            "module.vmlinux.azurerm_network_interface.linux-nic",
            "module.vmlinux.azurerm_public_ip.linux-pip",
            "module.vmlinux.azurerm_virtual_machine_extension.linux-vme",
            "module.vmlinux.null_resource.linux_provisioner",
            "module.vmwindows.azurerm_availability_set.windows-avs",
            "module.vmwindows.azurerm_network_interface.windows-nic",
            "module.vmwindows.azurerm_public_ip.windows-pip",
            "module.vmwindows.azurerm_virtual_machine_extension.windows-vmexe",
            "module.vmwindows.azurerm_windows_virtual_machine.windows-vm"
          ]
        },
        {
          "index_key": 1,
          "schema_version": 0,
          "attributes": {
            "backend_address_pool_ids": null,
            "backend_port": 3839,
            "disable_outbound_snat": false,
            "enable_floating_ip": false,
            "enable_tcp_reset": false,
            "frontend_ip_configuration_id": "/subscriptions/0695b55f-07d7-4bb5-b85c-e77a29fb2383/resourceGroups/assignment1-RG-6288/providers/Microsoft.Network/loadBalancers/loadbalancer-6288/frontendIPConfigurations/PublicIPAddress_2",
            "frontend_ip_configuration_name": "PublicIPAddress_2",
            "frontend_port": 3839,
            "id": "/subscriptions/0695b55f-07d7-4bb5-b85c-e77a29fb2383/resourceGroups/assignment1-RG-6288/providers/Microsoft.Network/loadBalancers/loadbalancer-6288/loadBalancingRules/loadbalancer-rule-6288-2",
            "idle_timeout_in_minutes": 4,
            "load_distribution": "Default",
            "loadbalancer_id": "/subscriptions/0695b55f-07d7-4bb5-b85c-e77a29fb2383/resourceGroups/assignment1-RG-6288/providers/Microsoft.Network/loadBalancers/loadbalancer-6288",
            "name": "loadbalancer-rule-6288-2",
            "probe_id": "",
            "protocol": "Tcp",
            "timeouts": null
          },
          "sensitive_attributes": [],
          "private": "eyJlMmJmYjczMC1lY2FhLTExZTYtOGY4OC0zNDM2M2JjN2M0YzAiOnsiY3JlYXRlIjoxODAwMDAwMDAwMDAwLCJkZWxldGUiOjE4MDAwMDAwMDAwMDAsInJlYWQiOjMwMDAwMDAwMDAwMCwidXBkYXRlIjoxODAwMDAwMDAwMDAwfX0=",
          "dependencies": [
            "module.common.azurerm_storage_account.storage_account",
            "module.loadbalancer.azurerm_lb.loadbalancer",
            "module.loadbalancer.azurerm_public_ip.loadbalancer-pubip",
            "module.network.azurerm_subnet.subnet",
            "module.network.azurerm_virtual_network.vnet",
            "module.resource_group.azurerm_resource_group.resource_group",
            "module.vmlinux.azurerm_availability_set.linux-avs",
            "module.vmlinux.azurerm_linux_virtual_machine.linux-vm",
            "module.vmlinux.azurerm_network_interface.linux-nic",
            "module.vmlinux.azurerm_public_ip.linux-pip",
            "module.vmlinux.azurerm_virtual_machine_extension.linux-vme",
            "module.vmlinux.null_resource.linux_provisioner",
            "module.vmwindows.azurerm_availability_set.windows-avs",
            "module.vmwindows.azurerm_network_interface.windows-nic",
            "module.vmwindows.azurerm_public_ip.windows-pip",
            "module.vmwindows.azurerm_virtual_machine_extension.windows-vmexe",
            "module.vmwindows.azurerm_windows_virtual_machine.windows-vm"
          ]
        }
      ]
    },
    {
      "module": "module.loadbalancer",
      "mode": "managed",
      "type": "azurerm_network_interface_backend_address_pool_association",
      "name": "loadbalancer_pool_association",
      "provider": "provider[\"registry.terraform.io/hashicorp/azurerm\"]",
      "instances": [
        {
          "index_key": "lvm-6288-vm-1",
          "schema_version": 0,
          "attributes": {
            "backend_address_pool_id": "/subscriptions/0695b55f-07d7-4bb5-b85c-e77a29fb2383/resourceGroups/assignment1-RG-6288/providers/Microsoft.Network/loadBalancers/loadbalancer-6288/backendAddressPools/backendaddresspool-6288",
            "id": "/subscriptions/0695b55f-07d7-4bb5-b85c-e77a29fb2383/resourceGroups/assignment1-RG-6288/providers/Microsoft.Network/networkInterfaces/lvm-6288-nic-1/ipConfigurations/lvm-6288-ipconfig-1|/subscriptions/0695b55f-07d7-4bb5-b85c-e77a29fb2383/resourceGroups/assignment1-RG-6288/providers/Microsoft.Network/loadBalancers/loadbalancer-6288/backendAddressPools/backendaddresspool-6288",
            "ip_configuration_name": "lvm-6288-ipconfig-1",
            "network_interface_id": "/subscriptions/0695b55f-07d7-4bb5-b85c-e77a29fb2383/resourceGroups/assignment1-RG-6288/providers/Microsoft.Network/networkInterfaces/lvm-6288-nic-1",
            "timeouts": null
          },
          "sensitive_attributes": [],
          "private": "eyJlMmJmYjczMC1lY2FhLTExZTYtOGY4OC0zNDM2M2JjN2M0YzAiOnsiY3JlYXRlIjoxODAwMDAwMDAwMDAwLCJkZWxldGUiOjE4MDAwMDAwMDAwMDAsInJlYWQiOjMwMDAwMDAwMDAwMCwidXBkYXRlIjoxODAwMDAwMDAwMDAwfX0=",
          "dependencies": [
            "module.common.azurerm_storage_account.storage_account",
            "module.loadbalancer.azurerm_lb.loadbalancer",
            "module.loadbalancer.azurerm_lb_backend_address_pool.backend_address_pool",
            "module.loadbalancer.azurerm_public_ip.loadbalancer-pubip",
            "module.network.azurerm_subnet.subnet",
            "module.network.azurerm_virtual_network.vnet",
            "module.resource_group.azurerm_resource_group.resource_group",
            "module.vmlinux.azurerm_availability_set.linux-avs",
            "module.vmlinux.azurerm_linux_virtual_machine.linux-vm",
            "module.vmlinux.azurerm_network_interface.linux-nic",
            "module.vmlinux.azurerm_public_ip.linux-pip",
            "module.vmlinux.azurerm_virtual_machine_extension.linux-vme",
            "module.vmlinux.null_resource.linux_provisioner",
            "module.vmwindows.azurerm_availability_set.windows-avs",
            "module.vmwindows.azurerm_network_interface.windows-nic",
            "module.vmwindows.azurerm_public_ip.windows-pip",
            "module.vmwindows.azurerm_virtual_machine_extension.windows-vmexe",
            "module.vmwindows.azurerm_windows_virtual_machine.windows-vm"
          ]
        },
        {
          "index_key": "lvm-6288-vm-2",
          "schema_version": 0,
          "attributes": {
            "backend_address_pool_id": "/subscriptions/0695b55f-07d7-4bb5-b85c-e77a29fb2383/resourceGroups/assignment1-RG-6288/providers/Microsoft.Network/loadBalancers/loadbalancer-6288/backendAddressPools/backendaddresspool-6288",
            "id": "/subscriptions/0695b55f-07d7-4bb5-b85c-e77a29fb2383/resourceGroups/assignment1-RG-6288/providers/Microsoft.Network/networkInterfaces/lvm-6288-nic-2/ipConfigurations/lvm-6288-ipconfig-2|/subscriptions/0695b55f-07d7-4bb5-b85c-e77a29fb2383/resourceGroups/assignment1-RG-6288/providers/Microsoft.Network/loadBalancers/loadbalancer-6288/backendAddressPools/backendaddresspool-6288",
            "ip_configuration_name": "lvm-6288-ipconfig-2",
            "network_interface_id": "/subscriptions/0695b55f-07d7-4bb5-b85c-e77a29fb2383/resourceGroups/assignment1-RG-6288/providers/Microsoft.Network/networkInterfaces/lvm-6288-nic-2",
            "timeouts": null
          },
          "sensitive_attributes": [],
          "private": "eyJlMmJmYjczMC1lY2FhLTExZTYtOGY4OC0zNDM2M2JjN2M0YzAiOnsiY3JlYXRlIjoxODAwMDAwMDAwMDAwLCJkZWxldGUiOjE4MDAwMDAwMDAwMDAsInJlYWQiOjMwMDAwMDAwMDAwMCwidXBkYXRlIjoxODAwMDAwMDAwMDAwfX0=",
          "dependencies": [
            "module.common.azurerm_storage_account.storage_account",
            "module.loadbalancer.azurerm_lb.loadbalancer",
            "module.loadbalancer.azurerm_lb_backend_address_pool.backend_address_pool",
            "module.loadbalancer.azurerm_public_ip.loadbalancer-pubip",
            "module.network.azurerm_subnet.subnet",
            "module.network.azurerm_virtual_network.vnet",
            "module.resource_group.azurerm_resource_group.resource_group",
            "module.vmlinux.azurerm_availability_set.linux-avs",
            "module.vmlinux.azurerm_linux_virtual_machine.linux-vm",
            "module.vmlinux.azurerm_network_interface.linux-nic",
            "module.vmlinux.azurerm_public_ip.linux-pip",
            "module.vmlinux.azurerm_virtual_machine_extension.linux-vme",
            "module.vmlinux.null_resource.linux_provisioner",
            "module.vmwindows.azurerm_availability_set.windows-avs",
            "module.vmwindows.azurerm_network_interface.windows-nic",
            "module.vmwindows.azurerm_public_ip.windows-pip",
            "module.vmwindows.azurerm_virtual_machine_extension.windows-vmexe",
            "module.vmwindows.azurerm_windows_virtual_machine.windows-vm"
          ]
        }
      ]
    },
    {
      "module": "module.loadbalancer",
      "mode": "managed",
      "type": "azurerm_public_ip",
      "name": "loadbalancer-pubip",
      "provider": "provider[\"registry.terraform.io/hashicorp/azurerm\"]",
      "instances": [
        {
          "index_key": 0,
          "schema_version": 0,
          "attributes": {
            "allocation_method": "Static",
            "domain_name_label": "lbdnsl-1",
            "edge_zone": "",
            "fqdn": "lbdnsl-1.australiaeast.cloudapp.azure.com",
            "id": "/subscriptions/0695b55f-07d7-4bb5-b85c-e77a29fb2383/resourceGroups/assignment1-RG-6288/providers/Microsoft.Network/publicIPAddresses/loadbalancer-pubip-6288-lbpip-1",
            "idle_timeout_in_minutes": 4,
            "ip_address": "20.28.194.182",
            "ip_tags": null,
            "ip_version": "IPv4",
            "location": "australiaeast",
            "name": "loadbalancer-pubip-6288-lbpip-1",
            "public_ip_prefix_id": null,
            "resource_group_name": "assignment1-RG-6288",
            "reverse_fqdn": "",
            "sku": "Basic",
            "sku_tier": "Regional",
            "tags": {
              "ContactEmail": "dhanyacse21@gmail.com",
              "Environment": "Lab",
              "ExpirationDate": "2022-06-30",
              "Name": "Dhanya.Natarajan",
              "Project": "Automation Project – Assignment 1"
            },
            "timeouts": null,
            "zones": null
          },
          "sensitive_attributes": [],
          "private": "eyJlMmJmYjczMC1lY2FhLTExZTYtOGY4OC0zNDM2M2JjN2M0YzAiOnsiY3JlYXRlIjoxODAwMDAwMDAwMDAwLCJkZWxldGUiOjE4MDAwMDAwMDAwMDAsInJlYWQiOjMwMDAwMDAwMDAwMCwidXBkYXRlIjoxODAwMDAwMDAwMDAwfX0=",
          "dependencies": [
            "module.common.azurerm_storage_account.storage_account",
            "module.network.azurerm_subnet.subnet",
            "module.network.azurerm_virtual_network.vnet",
            "module.resource_group.azurerm_resource_group.resource_group",
            "module.vmlinux.azurerm_availability_set.linux-avs",
            "module.vmlinux.azurerm_linux_virtual_machine.linux-vm",
            "module.vmlinux.azurerm_network_interface.linux-nic",
            "module.vmlinux.azurerm_public_ip.linux-pip",
            "module.vmlinux.azurerm_virtual_machine_extension.linux-vme",
            "module.vmlinux.null_resource.linux_provisioner",
            "module.vmwindows.azurerm_availability_set.windows-avs",
            "module.vmwindows.azurerm_network_interface.windows-nic",
            "module.vmwindows.azurerm_public_ip.windows-pip",
            "module.vmwindows.azurerm_virtual_machine_extension.windows-vmexe",
            "module.vmwindows.azurerm_windows_virtual_machine.windows-vm"
          ]
        },
        {
          "index_key": 1,
          "schema_version": 0,
          "attributes": {
            "allocation_method": "Static",
            "domain_name_label": "lbdnsl-2",
            "edge_zone": "",
            "fqdn": "lbdnsl-2.australiaeast.cloudapp.azure.com",
            "id": "/subscriptions/0695b55f-07d7-4bb5-b85c-e77a29fb2383/resourceGroups/assignment1-RG-6288/providers/Microsoft.Network/publicIPAddresses/loadbalancer-pubip-6288-lbpip-2",
            "idle_timeout_in_minutes": 4,
            "ip_address": "20.28.195.94",
            "ip_tags": null,
            "ip_version": "IPv4",
            "location": "australiaeast",
            "name": "loadbalancer-pubip-6288-lbpip-2",
            "public_ip_prefix_id": null,
            "resource_group_name": "assignment1-RG-6288",
            "reverse_fqdn": "",
            "sku": "Basic",
            "sku_tier": "Regional",
            "tags": {
              "ContactEmail": "dhanyacse21@gmail.com",
              "Environment": "Lab",
              "ExpirationDate": "2022-06-30",
              "Name": "Dhanya.Natarajan",
              "Project": "Automation Project – Assignment 1"
            },
            "timeouts": null,
            "zones": null
          },
          "sensitive_attributes": [],
          "private": "eyJlMmJmYjczMC1lY2FhLTExZTYtOGY4OC0zNDM2M2JjN2M0YzAiOnsiY3JlYXRlIjoxODAwMDAwMDAwMDAwLCJkZWxldGUiOjE4MDAwMDAwMDAwMDAsInJlYWQiOjMwMDAwMDAwMDAwMCwidXBkYXRlIjoxODAwMDAwMDAwMDAwfX0=",
          "dependencies": [
            "module.common.azurerm_storage_account.storage_account",
            "module.network.azurerm_subnet.subnet",
            "module.network.azurerm_virtual_network.vnet",
            "module.resource_group.azurerm_resource_group.resource_group",
            "module.vmlinux.azurerm_availability_set.linux-avs",
            "module.vmlinux.azurerm_linux_virtual_machine.linux-vm",
            "module.vmlinux.azurerm_network_interface.linux-nic",
            "module.vmlinux.azurerm_public_ip.linux-pip",
            "module.vmlinux.azurerm_virtual_machine_extension.linux-vme",
            "module.vmlinux.null_resource.linux_provisioner",
            "module.vmwindows.azurerm_availability_set.windows-avs",
            "module.vmwindows.azurerm_network_interface.windows-nic",
            "module.vmwindows.azurerm_public_ip.windows-pip",
            "module.vmwindows.azurerm_virtual_machine_extension.windows-vmexe",
            "module.vmwindows.azurerm_windows_virtual_machine.windows-vm"
          ]
        }
      ]
    },
    {
      "module": "module.network",
      "mode": "managed",
      "type": "azurerm_subnet",
      "name": "subnet",
      "provider": "provider[\"registry.terraform.io/hashicorp/azurerm\"]",
      "instances": [
        {
          "schema_version": 0,
          "attributes": {
            "address_prefixes": [
              "10.0.1.0/24"
            ],
            "delegation": [],
            "enforce_private_link_endpoint_network_policies": false,
            "enforce_private_link_service_network_policies": false,
            "id": "/subscriptions/0695b55f-07d7-4bb5-b85c-e77a29fb2383/resourceGroups/assignment1-RG-6288/providers/Microsoft.Network/virtualNetworks/virtual-network-6288/subnets/subnet-6288",
            "name": "subnet-6288",
            "resource_group_name": "assignment1-RG-6288",
            "service_endpoint_policy_ids": null,
            "service_endpoints": null,
            "timeouts": null,
            "virtual_network_name": "virtual-network-6288"
          },
          "sensitive_attributes": [],
          "private": "eyJlMmJmYjczMC1lY2FhLTExZTYtOGY4OC0zNDM2M2JjN2M0YzAiOnsiY3JlYXRlIjoxODAwMDAwMDAwMDAwLCJkZWxldGUiOjE4MDAwMDAwMDAwMDAsInJlYWQiOjMwMDAwMDAwMDAwMCwidXBkYXRlIjoxODAwMDAwMDAwMDAwfX0=",
          "dependencies": [
            "module.network.azurerm_virtual_network.vnet",
            "module.resource_group.azurerm_resource_group.resource_group"
          ]
        }
      ]
    },
    {
      "module": "module.network",
      "mode": "managed",
      "type": "azurerm_virtual_network",
      "name": "vnet",
      "provider": "provider[\"registry.terraform.io/hashicorp/azurerm\"]",
      "instances": [
        {
          "schema_version": 0,
          "attributes": {
            "address_space": [
              "10.0.0.0/16"
            ],
            "bgp_community": "",
            "ddos_protection_plan": [],
            "dns_servers": [],
            "edge_zone": "",
            "flow_timeout_in_minutes": 0,
            "guid": "264bf501-6591-48e0-8bc0-516e464e62cb",
            "id": "/subscriptions/0695b55f-07d7-4bb5-b85c-e77a29fb2383/resourceGroups/assignment1-RG-6288/providers/Microsoft.Network/virtualNetworks/virtual-network-6288",
            "location": "australiaeast",
            "name": "virtual-network-6288",
            "resource_group_name": "assignment1-RG-6288",
            "subnet": [],
            "tags": {
              "ContactEmail": "dhanyacse21@gmail.com",
              "Environment": "Lab",
              "ExpirationDate": "2022-06-30",
              "Name": "Dhanya.Natarajan",
              "Project": "Automation Project – Assignment 1"
            },
            "timeouts": null
          },
          "sensitive_attributes": [],
          "private": "eyJlMmJmYjczMC1lY2FhLTExZTYtOGY4OC0zNDM2M2JjN2M0YzAiOnsiY3JlYXRlIjoxODAwMDAwMDAwMDAwLCJkZWxldGUiOjE4MDAwMDAwMDAwMDAsInJlYWQiOjMwMDAwMDAwMDAwMCwidXBkYXRlIjoxODAwMDAwMDAwMDAwfX0=",
          "dependencies": [
            "module.resource_group.azurerm_resource_group.resource_group"
          ]
        }
      ]
    },
    {
      "module": "module.resource_group",
      "mode": "managed",
      "type": "azurerm_resource_group",
      "name": "resource_group",
      "provider": "provider[\"registry.terraform.io/hashicorp/azurerm\"]",
      "instances": [
        {
          "schema_version": 0,
          "attributes": {
            "id": "/subscriptions/0695b55f-07d7-4bb5-b85c-e77a29fb2383/resourceGroups/assignment1-RG-6288",
            "location": "australiaeast",
            "name": "assignment1-RG-6288",
            "tags": {
              "ContactEmail": "dhanyacse21@gmail.com",
              "Environment": "Lab",
              "ExpirationDate": "2022-06-30",
              "Name": "Dhanya.Natarajan",
              "Project": "Automation Project – Assignment 1"
            },
            "timeouts": null
          },
          "sensitive_attributes": [],
          "private": "eyJlMmJmYjczMC1lY2FhLTExZTYtOGY4OC0zNDM2M2JjN2M0YzAiOnsiY3JlYXRlIjo1NDAwMDAwMDAwMDAwLCJkZWxldGUiOjU0MDAwMDAwMDAwMDAsInJlYWQiOjMwMDAwMDAwMDAwMCwidXBkYXRlIjo1NDAwMDAwMDAwMDAwfX0="
        }
      ]
    },
    {
      "module": "module.vmlinux",
      "mode": "managed",
      "type": "azurerm_availability_set",
      "name": "linux-avs",
      "provider": "provider[\"registry.terraform.io/hashicorp/azurerm\"]",
      "instances": [
        {
          "schema_version": 0,
          "attributes": {
            "id": "/subscriptions/0695b55f-07d7-4bb5-b85c-e77a29fb2383/resourceGroups/assignment1-RG-6288/providers/Microsoft.Compute/availabilitySets/linux-avs-6288",
            "location": "australiaeast",
            "managed": true,
            "name": "linux-avs-6288",
            "platform_fault_domain_count": 2,
            "platform_update_domain_count": 10,
            "proximity_placement_group_id": null,
            "resource_group_name": "assignment1-RG-6288",
            "tags": null,
            "timeouts": null
          },
          "sensitive_attributes": [],
          "private": "eyJlMmJmYjczMC1lY2FhLTExZTYtOGY4OC0zNDM2M2JjN2M0YzAiOnsiY3JlYXRlIjoxODAwMDAwMDAwMDAwLCJkZWxldGUiOjE4MDAwMDAwMDAwMDAsInJlYWQiOjMwMDAwMDAwMDAwMCwidXBkYXRlIjoxODAwMDAwMDAwMDAwfX0=",
          "dependencies": [
            "module.network.azurerm_subnet.subnet",
            "module.network.azurerm_virtual_network.vnet",
            "module.resource_group.azurerm_resource_group.resource_group"
          ]
        }
      ]
    },
    {
      "module": "module.vmlinux",
      "mode": "managed",
      "type": "azurerm_linux_virtual_machine",
      "name": "linux-vm",
      "provider": "provider[\"registry.terraform.io/hashicorp/azurerm\"]",
      "instances": [
        {
          "index_key": 0,
          "schema_version": 0,
          "attributes": {
            "additional_capabilities": [],
            "admin_password": "assignment1-6288",
            "admin_ssh_key": [],
            "admin_username": "n01486288",
            "allow_extension_operations": true,
            "availability_set_id": "/subscriptions/0695b55f-07d7-4bb5-b85c-e77a29fb2383/resourceGroups/assignment1-RG-6288/providers/Microsoft.Compute/availabilitySets/LINUX-AVS-6288",
            "boot_diagnostics": [
              {
                "storage_account_uri": "https://6288assignment1.blob.core.windows.net/"
              }
            ],
            "computer_name": "lvm-6288-cn-1",
            "custom_data": null,
            "dedicated_host_group_id": "",
            "dedicated_host_id": "",
            "disable_password_authentication": false,
            "edge_zone": "",
            "encryption_at_host_enabled": false,
            "eviction_policy": "",
            "extensions_time_budget": "PT1H30M",
            "id": "/subscriptions/0695b55f-07d7-4bb5-b85c-e77a29fb2383/resourceGroups/assignment1-RG-6288/providers/Microsoft.Compute/virtualMachines/lvm-6288-vm-1",
            "identity": [],
            "license_type": "",
            "location": "australiaeast",
            "max_bid_price": -1,
            "name": "lvm-6288-vm-1",
            "network_interface_ids": [
              "/subscriptions/0695b55f-07d7-4bb5-b85c-e77a29fb2383/resourceGroups/assignment1-RG-6288/providers/Microsoft.Network/networkInterfaces/lvm-6288-nic-2"
            ],
            "os_disk": [
              {
                "caching": "ReadWrite",
                "diff_disk_settings": [],
                "disk_encryption_set_id": "",
                "disk_size_gb": 32,
                "name": "lvm-6288-os-disk-1",
                "storage_account_type": "Premium_LRS",
                "write_accelerator_enabled": false
              }
            ],
            "patch_mode": "ImageDefault",
            "plan": [],
            "platform_fault_domain": -1,
            "priority": "Regular",
            "private_ip_address": "10.0.1.5",
            "private_ip_addresses": [
              "10.0.1.5"
            ],
            "provision_vm_agent": true,
            "proximity_placement_group_id": "",
            "public_ip_address": "20.248.189.82",
            "public_ip_addresses": [
              "20.248.189.82"
            ],
            "resource_group_name": "assignment1-RG-6288",
            "secret": [],
            "secure_boot_enabled": false,
            "size": "Standard_B1ms",
            "source_image_id": "",
            "source_image_reference": [
              {
                "offer": "CentOS",
                "publisher": "OpenLogic",
                "sku": "8_2",
                "version": "latest"
              }
            ],
            "tags": {
              "ContactEmail": "dhanyacse21@gmail.com",
              "Environment": "Lab",
              "ExpirationDate": "2022-06-30",
              "Name": "Dhanya.Natarajan",
              "Project": "Automation Project – Assignment 1"
            },
            "termination_notification": null,
            "timeouts": null,
            "user_data": "",
            "virtual_machine_id": "e0141480-a084-4cf8-9a78-212d233c6a43",
            "virtual_machine_scale_set_id": "",
            "vtpm_enabled": false,
            "zone": ""
          },
          "sensitive_attributes": [],
          "private": "eyJlMmJmYjczMC1lY2FhLTExZTYtOGY4OC0zNDM2M2JjN2M0YzAiOnsiY3JlYXRlIjoyNzAwMDAwMDAwMDAwLCJkZWxldGUiOjI3MDAwMDAwMDAwMDAsInJlYWQiOjMwMDAwMDAwMDAwMCwidXBkYXRlIjoyNzAwMDAwMDAwMDAwfX0=",
          "dependencies": [
            "module.common.azurerm_storage_account.storage_account",
            "module.network.azurerm_subnet.subnet",
            "module.network.azurerm_virtual_network.vnet",
            "module.resource_group.azurerm_resource_group.resource_group",
            "module.vmlinux.azurerm_availability_set.linux-avs",
            "module.vmlinux.azurerm_network_interface.linux-nic",
            "module.vmlinux.azurerm_public_ip.linux-pip"
          ]
        },
        {
          "index_key": 1,
          "schema_version": 0,
          "attributes": {
            "additional_capabilities": [],
            "admin_password": "assignment1-6288",
            "admin_ssh_key": [],
            "admin_username": "n01486288",
            "allow_extension_operations": true,
            "availability_set_id": "/subscriptions/0695b55f-07d7-4bb5-b85c-e77a29fb2383/resourceGroups/assignment1-RG-6288/providers/Microsoft.Compute/availabilitySets/LINUX-AVS-6288",
            "boot_diagnostics": [
              {
                "storage_account_uri": "https://6288assignment1.blob.core.windows.net/"
              }
            ],
            "computer_name": "lvm-6288-cn-2",
            "custom_data": null,
            "dedicated_host_group_id": "",
            "dedicated_host_id": "",
            "disable_password_authentication": false,
            "edge_zone": "",
            "encryption_at_host_enabled": false,
            "eviction_policy": "",
            "extensions_time_budget": "PT1H30M",
            "id": "/subscriptions/0695b55f-07d7-4bb5-b85c-e77a29fb2383/resourceGroups/assignment1-RG-6288/providers/Microsoft.Compute/virtualMachines/lvm-6288-vm-2",
            "identity": [],
            "license_type": "",
            "location": "australiaeast",
            "max_bid_price": -1,
            "name": "lvm-6288-vm-2",
            "network_interface_ids": [
              "/subscriptions/0695b55f-07d7-4bb5-b85c-e77a29fb2383/resourceGroups/assignment1-RG-6288/providers/Microsoft.Network/networkInterfaces/lvm-6288-nic-1"
            ],
            "os_disk": [
              {
                "caching": "ReadWrite",
                "diff_disk_settings": [],
                "disk_encryption_set_id": "",
                "disk_size_gb": 32,
                "name": "lvm-6288-os-disk-2",
                "storage_account_type": "Premium_LRS",
                "write_accelerator_enabled": false
              }
            ],
            "patch_mode": "ImageDefault",
            "plan": [],
            "platform_fault_domain": -1,
            "priority": "Regular",
            "private_ip_address": "10.0.1.6",
            "private_ip_addresses": [
              "10.0.1.6"
            ],
            "provision_vm_agent": true,
            "proximity_placement_group_id": "",
            "public_ip_address": "20.248.189.69",
            "public_ip_addresses": [
              "20.248.189.69"
            ],
            "resource_group_name": "assignment1-RG-6288",
            "secret": [],
            "secure_boot_enabled": false,
            "size": "Standard_B1ms",
            "source_image_id": "",
            "source_image_reference": [
              {
                "offer": "CentOS",
                "publisher": "OpenLogic",
                "sku": "8_2",
                "version": "latest"
              }
            ],
            "tags": {
              "ContactEmail": "dhanyacse21@gmail.com",
              "Environment": "Lab",
              "ExpirationDate": "2022-06-30",
              "Name": "Dhanya.Natarajan",
              "Project": "Automation Project – Assignment 1"
            },
            "termination_notification": null,
            "timeouts": null,
            "user_data": "",
            "virtual_machine_id": "57dc968d-80f3-455a-9898-69e9656e3699",
            "virtual_machine_scale_set_id": "",
            "vtpm_enabled": false,
            "zone": ""
          },
          "sensitive_attributes": [],
          "private": "eyJlMmJmYjczMC1lY2FhLTExZTYtOGY4OC0zNDM2M2JjN2M0YzAiOnsiY3JlYXRlIjoyNzAwMDAwMDAwMDAwLCJkZWxldGUiOjI3MDAwMDAwMDAwMDAsInJlYWQiOjMwMDAwMDAwMDAwMCwidXBkYXRlIjoyNzAwMDAwMDAwMDAwfX0=",
          "dependencies": [
            "module.common.azurerm_storage_account.storage_account",
            "module.network.azurerm_subnet.subnet",
            "module.network.azurerm_virtual_network.vnet",
            "module.resource_group.azurerm_resource_group.resource_group",
            "module.vmlinux.azurerm_availability_set.linux-avs",
            "module.vmlinux.azurerm_network_interface.linux-nic",
            "module.vmlinux.azurerm_public_ip.linux-pip"
          ]
        }
      ]
    },
    {
      "module": "module.vmlinux",
      "mode": "managed",
      "type": "azurerm_network_interface",
      "name": "linux-nic",
      "provider": "provider[\"registry.terraform.io/hashicorp/azurerm\"]",
      "instances": [
        {
          "index_key": 0,
          "schema_version": 0,
          "attributes": {
            "applied_dns_servers": [],
            "dns_servers": [],
            "edge_zone": "",
            "enable_accelerated_networking": false,
            "enable_ip_forwarding": false,
            "id": "/subscriptions/0695b55f-07d7-4bb5-b85c-e77a29fb2383/resourceGroups/assignment1-RG-6288/providers/Microsoft.Network/networkInterfaces/lvm-6288-nic-1",
            "internal_dns_name_label": "",
            "internal_domain_name_suffix": "ah0uwjurmxqerc4akfxemttczd.px.internal.cloudapp.net",
            "ip_configuration": [
              {
                "gateway_load_balancer_frontend_ip_configuration_id": "",
                "name": "lvm-6288-ipconfig-1",
                "primary": true,
                "private_ip_address": "10.0.1.6",
                "private_ip_address_allocation": "Dynamic",
                "private_ip_address_version": "IPv4",
                "public_ip_address_id": "/subscriptions/0695b55f-07d7-4bb5-b85c-e77a29fb2383/resourceGroups/assignment1-RG-6288/providers/Microsoft.Network/publicIPAddresses/lvm-6288-pip-2",
                "subnet_id": "/subscriptions/0695b55f-07d7-4bb5-b85c-e77a29fb2383/resourceGroups/assignment1-RG-6288/providers/Microsoft.Network/virtualNetworks/virtual-network-6288/subnets/subnet-6288"
              }
            ],
            "location": "australiaeast",
            "mac_address": "",
            "name": "lvm-6288-nic-1",
            "private_ip_address": "10.0.1.6",
            "private_ip_addresses": [
              "10.0.1.6"
            ],
            "resource_group_name": "assignment1-RG-6288",
            "tags": {
              "ContactEmail": "dhanyacse21@gmail.com",
              "Environment": "Lab",
              "ExpirationDate": "2022-06-30",
              "Name": "Dhanya.Natarajan",
              "Project": "Automation Project – Assignment 1"
            },
            "timeouts": null,
            "virtual_machine_id": ""
          },
          "sensitive_attributes": [],
          "private": "eyJlMmJmYjczMC1lY2FhLTExZTYtOGY4OC0zNDM2M2JjN2M0YzAiOnsiY3JlYXRlIjoxODAwMDAwMDAwMDAwLCJkZWxldGUiOjE4MDAwMDAwMDAwMDAsInJlYWQiOjMwMDAwMDAwMDAwMCwidXBkYXRlIjoxODAwMDAwMDAwMDAwfX0=",
          "dependencies": [
            "module.network.azurerm_subnet.subnet",
            "module.network.azurerm_virtual_network.vnet",
            "module.resource_group.azurerm_resource_group.resource_group",
            "module.vmlinux.azurerm_public_ip.linux-pip"
          ]
        },
        {
          "index_key": 1,
          "schema_version": 0,
          "attributes": {
            "applied_dns_servers": [],
            "dns_servers": [],
            "edge_zone": "",
            "enable_accelerated_networking": false,
            "enable_ip_forwarding": false,
            "id": "/subscriptions/0695b55f-07d7-4bb5-b85c-e77a29fb2383/resourceGroups/assignment1-RG-6288/providers/Microsoft.Network/networkInterfaces/lvm-6288-nic-2",
            "internal_dns_name_label": "",
            "internal_domain_name_suffix": "ah0uwjurmxqerc4akfxemttczd.px.internal.cloudapp.net",
            "ip_configuration": [
              {
                "gateway_load_balancer_frontend_ip_configuration_id": "",
                "name": "lvm-6288-ipconfig-2",
                "primary": true,
                "private_ip_address": "10.0.1.5",
                "private_ip_address_allocation": "Dynamic",
                "private_ip_address_version": "IPv4",
                "public_ip_address_id": "/subscriptions/0695b55f-07d7-4bb5-b85c-e77a29fb2383/resourceGroups/assignment1-RG-6288/providers/Microsoft.Network/publicIPAddresses/lvm-6288-pip-1",
                "subnet_id": "/subscriptions/0695b55f-07d7-4bb5-b85c-e77a29fb2383/resourceGroups/assignment1-RG-6288/providers/Microsoft.Network/virtualNetworks/virtual-network-6288/subnets/subnet-6288"
              }
            ],
            "location": "australiaeast",
            "mac_address": "",
            "name": "lvm-6288-nic-2",
            "private_ip_address": "10.0.1.5",
            "private_ip_addresses": [
              "10.0.1.5"
            ],
            "resource_group_name": "assignment1-RG-6288",
            "tags": {
              "ContactEmail": "dhanyacse21@gmail.com",
              "Environment": "Lab",
              "ExpirationDate": "2022-06-30",
              "Name": "Dhanya.Natarajan",
              "Project": "Automation Project – Assignment 1"
            },
            "timeouts": null,
            "virtual_machine_id": ""
          },
          "sensitive_attributes": [],
          "private": "eyJlMmJmYjczMC1lY2FhLTExZTYtOGY4OC0zNDM2M2JjN2M0YzAiOnsiY3JlYXRlIjoxODAwMDAwMDAwMDAwLCJkZWxldGUiOjE4MDAwMDAwMDAwMDAsInJlYWQiOjMwMDAwMDAwMDAwMCwidXBkYXRlIjoxODAwMDAwMDAwMDAwfX0=",
          "dependencies": [
            "module.network.azurerm_subnet.subnet",
            "module.network.azurerm_virtual_network.vnet",
            "module.resource_group.azurerm_resource_group.resource_group",
            "module.vmlinux.azurerm_public_ip.linux-pip"
          ]
        }
      ]
    },
    {
      "module": "module.vmlinux",
      "mode": "managed",
      "type": "azurerm_public_ip",
      "name": "linux-pip",
      "provider": "provider[\"registry.terraform.io/hashicorp/azurerm\"]",
      "instances": [
        {
          "index_key": 0,
          "schema_version": 0,
          "attributes": {
            "allocation_method": "Static",
            "domain_name_label": "lvm-6288-dns-1",
            "edge_zone": "",
            "fqdn": "lvm-6288-dns-1.australiaeast.cloudapp.azure.com",
            "id": "/subscriptions/0695b55f-07d7-4bb5-b85c-e77a29fb2383/resourceGroups/assignment1-RG-6288/providers/Microsoft.Network/publicIPAddresses/lvm-6288-pip-1",
            "idle_timeout_in_minutes": 4,
            "ip_address": "20.248.189.82",
            "ip_tags": null,
            "ip_version": "IPv4",
            "location": "australiaeast",
            "name": "lvm-6288-pip-1",
            "public_ip_prefix_id": null,
            "resource_group_name": "assignment1-RG-6288",
            "reverse_fqdn": "",
            "sku": "Basic",
            "sku_tier": "Regional",
            "tags": {
              "ContactEmail": "dhanyacse21@gmail.com",
              "Environment": "Lab",
              "ExpirationDate": "2022-06-30",
              "Name": "Dhanya.Natarajan",
              "Project": "Automation Project – Assignment 1"
            },
            "timeouts": null,
            "zones": null
          },
          "sensitive_attributes": [],
          "private": "eyJlMmJmYjczMC1lY2FhLTExZTYtOGY4OC0zNDM2M2JjN2M0YzAiOnsiY3JlYXRlIjoxODAwMDAwMDAwMDAwLCJkZWxldGUiOjE4MDAwMDAwMDAwMDAsInJlYWQiOjMwMDAwMDAwMDAwMCwidXBkYXRlIjoxODAwMDAwMDAwMDAwfX0=",
          "dependencies": [
            "module.network.azurerm_subnet.subnet",
            "module.network.azurerm_virtual_network.vnet",
            "module.resource_group.azurerm_resource_group.resource_group"
          ]
        },
        {
          "index_key": 1,
          "schema_version": 0,
          "attributes": {
            "allocation_method": "Static",
            "domain_name_label": "lvm-6288-dns-2",
            "edge_zone": "",
            "fqdn": "lvm-6288-dns-2.australiaeast.cloudapp.azure.com",
            "id": "/subscriptions/0695b55f-07d7-4bb5-b85c-e77a29fb2383/resourceGroups/assignment1-RG-6288/providers/Microsoft.Network/publicIPAddresses/lvm-6288-pip-2",
            "idle_timeout_in_minutes": 4,
            "ip_address": "20.248.189.69",
            "ip_tags": null,
            "ip_version": "IPv4",
            "location": "australiaeast",
            "name": "lvm-6288-pip-2",
            "public_ip_prefix_id": null,
            "resource_group_name": "assignment1-RG-6288",
            "reverse_fqdn": "",
            "sku": "Basic",
            "sku_tier": "Regional",
            "tags": {
              "ContactEmail": "dhanyacse21@gmail.com",
              "Environment": "Lab",
              "ExpirationDate": "2022-06-30",
              "Name": "Dhanya.Natarajan",
              "Project": "Automation Project – Assignment 1"
            },
            "timeouts": null,
            "zones": null
          },
          "sensitive_attributes": [],
          "private": "eyJlMmJmYjczMC1lY2FhLTExZTYtOGY4OC0zNDM2M2JjN2M0YzAiOnsiY3JlYXRlIjoxODAwMDAwMDAwMDAwLCJkZWxldGUiOjE4MDAwMDAwMDAwMDAsInJlYWQiOjMwMDAwMDAwMDAwMCwidXBkYXRlIjoxODAwMDAwMDAwMDAwfX0=",
          "dependencies": [
            "module.network.azurerm_subnet.subnet",
            "module.network.azurerm_virtual_network.vnet",
            "module.resource_group.azurerm_resource_group.resource_group"
          ]
        }
      ]
    },
    {
      "module": "module.vmlinux",
      "mode": "managed",
      "type": "azurerm_virtual_machine_extension",
      "name": "linux-vme",
      "provider": "provider[\"registry.terraform.io/hashicorp/azurerm\"]",
      "instances": [
        {
          "index_key": 0,
          "schema_version": 0,
          "attributes": {
            "auto_upgrade_minor_version": false,
            "automatic_upgrade_enabled": false,
            "id": "/subscriptions/0695b55f-07d7-4bb5-b85c-e77a29fb2383/resourceGroups/assignment1-RG-6288/providers/Microsoft.Compute/virtualMachines/lvm-6288-vm-1/extensions/lvm-6288-vme-1",
            "name": "lvm-6288-vme-1",
            "protected_settings": null,
            "publisher": "Microsoft.Azure.NetworkWatcher",
            "settings": null,
            "tags": {
              "ContactEmail": "dhanyacse21@gmail.com",
              "Environment": "Lab",
              "ExpirationDate": "2022-06-30",
              "Name": "Dhanya.Natarajan",
              "Project": "Automation Project – Assignment 1"
            },
            "timeouts": null,
            "type": "NetworkWatcherAgentLinux",
            "type_handler_version": "1.4",
            "virtual_machine_id": "/subscriptions/0695b55f-07d7-4bb5-b85c-e77a29fb2383/resourceGroups/assignment1-RG-6288/providers/Microsoft.Compute/virtualMachines/lvm-6288-vm-1"
          },
          "sensitive_attributes": [],
          "private": "eyJlMmJmYjczMC1lY2FhLTExZTYtOGY4OC0zNDM2M2JjN2M0YzAiOnsiY3JlYXRlIjoxODAwMDAwMDAwMDAwLCJkZWxldGUiOjE4MDAwMDAwMDAwMDAsInJlYWQiOjMwMDAwMDAwMDAwMCwidXBkYXRlIjoxODAwMDAwMDAwMDAwfX0=",
          "dependencies": [
            "module.common.azurerm_storage_account.storage_account",
            "module.network.azurerm_subnet.subnet",
            "module.network.azurerm_virtual_network.vnet",
            "module.resource_group.azurerm_resource_group.resource_group",
            "module.vmlinux.azurerm_availability_set.linux-avs",
            "module.vmlinux.azurerm_linux_virtual_machine.linux-vm",
            "module.vmlinux.azurerm_network_interface.linux-nic",
            "module.vmlinux.azurerm_public_ip.linux-pip",
            "module.vmlinux.null_resource.linux_provisioner"
          ]
        },
        {
          "index_key": 1,
          "schema_version": 0,
          "attributes": {
            "auto_upgrade_minor_version": false,
            "automatic_upgrade_enabled": false,
            "id": "/subscriptions/0695b55f-07d7-4bb5-b85c-e77a29fb2383/resourceGroups/assignment1-RG-6288/providers/Microsoft.Compute/virtualMachines/lvm-6288-vm-2/extensions/lvm-6288-vme-2",
            "name": "lvm-6288-vme-2",
            "protected_settings": null,
            "publisher": "Microsoft.Azure.NetworkWatcher",
            "settings": null,
            "tags": {
              "ContactEmail": "dhanyacse21@gmail.com",
              "Environment": "Lab",
              "ExpirationDate": "2022-06-30",
              "Name": "Dhanya.Natarajan",
              "Project": "Automation Project – Assignment 1"
            },
            "timeouts": null,
            "type": "NetworkWatcherAgentLinux",
            "type_handler_version": "1.4",
            "virtual_machine_id": "/subscriptions/0695b55f-07d7-4bb5-b85c-e77a29fb2383/resourceGroups/assignment1-RG-6288/providers/Microsoft.Compute/virtualMachines/lvm-6288-vm-2"
          },
          "sensitive_attributes": [],
          "private": "eyJlMmJmYjczMC1lY2FhLTExZTYtOGY4OC0zNDM2M2JjN2M0YzAiOnsiY3JlYXRlIjoxODAwMDAwMDAwMDAwLCJkZWxldGUiOjE4MDAwMDAwMDAwMDAsInJlYWQiOjMwMDAwMDAwMDAwMCwidXBkYXRlIjoxODAwMDAwMDAwMDAwfX0=",
          "dependencies": [
            "module.common.azurerm_storage_account.storage_account",
            "module.network.azurerm_subnet.subnet",
            "module.network.azurerm_virtual_network.vnet",
            "module.resource_group.azurerm_resource_group.resource_group",
            "module.vmlinux.azurerm_availability_set.linux-avs",
            "module.vmlinux.azurerm_linux_virtual_machine.linux-vm",
            "module.vmlinux.azurerm_network_interface.linux-nic",
            "module.vmlinux.azurerm_public_ip.linux-pip",
            "module.vmlinux.null_resource.linux_provisioner"
          ]
        }
      ]
    },
    {
      "module": "module.vmlinux",
      "mode": "managed",
      "type": "null_resource",
      "name": "linux_provisioner",
      "provider": "provider[\"registry.terraform.io/hashicorp/null\"]",
      "instances": [
        {
          "index_key": 0,
          "schema_version": 0,
          "attributes": {
            "id": "4289278973712660528",
            "triggers": null
          },
          "sensitive_attributes": [],
          "private": "bnVsbA==",
          "dependencies": [
            "module.common.azurerm_storage_account.storage_account",
            "module.network.azurerm_subnet.subnet",
            "module.network.azurerm_virtual_network.vnet",
            "module.resource_group.azurerm_resource_group.resource_group",
            "module.vmlinux.azurerm_availability_set.linux-avs",
            "module.vmlinux.azurerm_linux_virtual_machine.linux-vm",
            "module.vmlinux.azurerm_network_interface.linux-nic",
            "module.vmlinux.azurerm_public_ip.linux-pip"
          ]
        },
        {
          "index_key": 1,
          "schema_version": 0,
          "attributes": {
            "id": "680034911461343120",
            "triggers": null
          },
          "sensitive_attributes": [],
          "private": "bnVsbA==",
          "dependencies": [
            "module.common.azurerm_storage_account.storage_account",
            "module.network.azurerm_subnet.subnet",
            "module.network.azurerm_virtual_network.vnet",
            "module.resource_group.azurerm_resource_group.resource_group",
            "module.vmlinux.azurerm_availability_set.linux-avs",
            "module.vmlinux.azurerm_linux_virtual_machine.linux-vm",
            "module.vmlinux.azurerm_network_interface.linux-nic",
            "module.vmlinux.azurerm_public_ip.linux-pip"
          ]
        }
      ]
    },
    {
      "module": "module.vmwindows",
      "mode": "managed",
      "type": "azurerm_availability_set",
      "name": "windows-avs",
      "provider": "provider[\"registry.terraform.io/hashicorp/azurerm\"]",
      "instances": [
        {
          "schema_version": 0,
          "attributes": {
            "id": "/subscriptions/0695b55f-07d7-4bb5-b85c-e77a29fb2383/resourceGroups/assignment1-RG-6288/providers/Microsoft.Compute/availabilitySets/windows_avs",
            "location": "australiaeast",
            "managed": true,
            "name": "windows_avs",
            "platform_fault_domain_count": 2,
            "platform_update_domain_count": 5,
            "proximity_placement_group_id": null,
            "resource_group_name": "assignment1-RG-6288",
            "tags": null,
            "timeouts": null
          },
          "sensitive_attributes": [],
          "private": "eyJlMmJmYjczMC1lY2FhLTExZTYtOGY4OC0zNDM2M2JjN2M0YzAiOnsiY3JlYXRlIjoxODAwMDAwMDAwMDAwLCJkZWxldGUiOjE4MDAwMDAwMDAwMDAsInJlYWQiOjMwMDAwMDAwMDAwMCwidXBkYXRlIjoxODAwMDAwMDAwMDAwfX0=",
          "dependencies": [
            "module.network.azurerm_subnet.subnet",
            "module.network.azurerm_virtual_network.vnet",
            "module.resource_group.azurerm_resource_group.resource_group"
          ]
        }
      ]
    },
    {
      "module": "module.vmwindows",
      "mode": "managed",
      "type": "azurerm_network_interface",
      "name": "windows-nic",
      "provider": "provider[\"registry.terraform.io/hashicorp/azurerm\"]",
      "instances": [
        {
          "schema_version": 0,
          "attributes": {
            "applied_dns_servers": [],
            "dns_servers": [],
            "edge_zone": "",
            "enable_accelerated_networking": false,
            "enable_ip_forwarding": false,
            "id": "/subscriptions/0695b55f-07d7-4bb5-b85c-e77a29fb2383/resourceGroups/assignment1-RG-6288/providers/Microsoft.Network/networkInterfaces/wsvm-6288-nic",
            "internal_dns_name_label": "",
            "internal_domain_name_suffix": "ah0uwjurmxqerc4akfxemttczd.px.internal.cloudapp.net",
            "ip_configuration": [
              {
                "gateway_load_balancer_frontend_ip_configuration_id": "",
                "name": "wsvm-6288-ipconfig",
                "primary": true,
                "private_ip_address": "10.0.1.4",
                "private_ip_address_allocation": "Dynamic",
                "private_ip_address_version": "IPv4",
                "public_ip_address_id": "/subscriptions/0695b55f-07d7-4bb5-b85c-e77a29fb2383/resourceGroups/assignment1-RG-6288/providers/Microsoft.Network/publicIPAddresses/wsvm-6288-pip",
                "subnet_id": "/subscriptions/0695b55f-07d7-4bb5-b85c-e77a29fb2383/resourceGroups/assignment1-RG-6288/providers/Microsoft.Network/virtualNetworks/virtual-network-6288/subnets/subnet-6288"
              }
            ],
            "location": "australiaeast",
            "mac_address": "",
            "name": "wsvm-6288-nic",
            "private_ip_address": "10.0.1.4",
            "private_ip_addresses": [
              "10.0.1.4"
            ],
            "resource_group_name": "assignment1-RG-6288",
            "tags": {
              "ContactEmail": "dhanyacse21@gmail.com",
              "Environment": "Lab",
              "ExpirationDate": "2022-06-30",
              "Name": "Dhanya.Natarajan",
              "Project": "Automation Project – Assignment 1"
            },
            "timeouts": null,
            "virtual_machine_id": ""
          },
          "sensitive_attributes": [],
          "private": "eyJlMmJmYjczMC1lY2FhLTExZTYtOGY4OC0zNDM2M2JjN2M0YzAiOnsiY3JlYXRlIjoxODAwMDAwMDAwMDAwLCJkZWxldGUiOjE4MDAwMDAwMDAwMDAsInJlYWQiOjMwMDAwMDAwMDAwMCwidXBkYXRlIjoxODAwMDAwMDAwMDAwfX0=",
          "dependencies": [
            "module.network.azurerm_subnet.subnet",
            "module.network.azurerm_virtual_network.vnet",
            "module.resource_group.azurerm_resource_group.resource_group",
            "module.vmwindows.azurerm_public_ip.windows-pip"
          ]
        }
      ]
    },
    {
      "module": "module.vmwindows",
      "mode": "managed",
      "type": "azurerm_public_ip",
      "name": "windows-pip",
      "provider": "provider[\"registry.terraform.io/hashicorp/azurerm\"]",
      "instances": [
        {
          "schema_version": 0,
          "attributes": {
            "allocation_method": "Static",
            "domain_name_label": "wsvm-6288-dns",
            "edge_zone": "",
            "fqdn": "wsvm-6288-dns.australiaeast.cloudapp.azure.com",
            "id": "/subscriptions/0695b55f-07d7-4bb5-b85c-e77a29fb2383/resourceGroups/assignment1-RG-6288/providers/Microsoft.Network/publicIPAddresses/wsvm-6288-pip",
            "idle_timeout_in_minutes": 4,
            "ip_address": "20.248.189.55",
            "ip_tags": null,
            "ip_version": "IPv4",
            "location": "australiaeast",
            "name": "wsvm-6288-pip",
            "public_ip_prefix_id": null,
            "resource_group_name": "assignment1-RG-6288",
            "reverse_fqdn": "",
            "sku": "Basic",
            "sku_tier": "Regional",
            "tags": {
              "ContactEmail": "dhanyacse21@gmail.com",
              "Environment": "Lab",
              "ExpirationDate": "2022-06-30",
              "Name": "Dhanya.Natarajan",
              "Project": "Automation Project – Assignment 1"
            },
            "timeouts": null,
            "zones": null
          },
          "sensitive_attributes": [],
          "private": "eyJlMmJmYjczMC1lY2FhLTExZTYtOGY4OC0zNDM2M2JjN2M0YzAiOnsiY3JlYXRlIjoxODAwMDAwMDAwMDAwLCJkZWxldGUiOjE4MDAwMDAwMDAwMDAsInJlYWQiOjMwMDAwMDAwMDAwMCwidXBkYXRlIjoxODAwMDAwMDAwMDAwfX0=",
          "dependencies": [
            "module.network.azurerm_subnet.subnet",
            "module.network.azurerm_virtual_network.vnet",
            "module.resource_group.azurerm_resource_group.resource_group"
          ]
        }
      ]
    },
    {
      "module": "module.vmwindows",
      "mode": "managed",
      "type": "azurerm_virtual_machine_extension",
      "name": "windows-vmexe",
      "provider": "provider[\"registry.terraform.io/hashicorp/azurerm\"]",
      "instances": [
        {
          "schema_version": 0,
          "attributes": {
            "auto_upgrade_minor_version": false,
            "automatic_upgrade_enabled": false,
            "id": "/subscriptions/0695b55f-07d7-4bb5-b85c-e77a29fb2383/resourceGroups/assignment1-RG-6288/providers/Microsoft.Compute/virtualMachines/wsvm-6288-vm/extensions/wsvm-6288-vmexe",
            "name": "wsvm-6288-vmexe",
            "protected_settings": null,
            "publisher": "Microsoft.Azure.Security.AntimalwareSignature",
            "settings": null,
            "tags": {
              "ContactEmail": "dhanyacse21@gmail.com",
              "Environment": "Lab",
              "ExpirationDate": "2022-06-30",
              "Name": "Dhanya.Natarajan",
              "Project": "Automation Project – Assignment 1"
            },
            "timeouts": null,
            "type": "AntimalwareConfiguration",
            "type_handler_version": "2.58",
            "virtual_machine_id": "/subscriptions/0695b55f-07d7-4bb5-b85c-e77a29fb2383/resourceGroups/assignment1-RG-6288/providers/Microsoft.Compute/virtualMachines/wsvm-6288-vm"
          },
          "sensitive_attributes": [],
          "private": "eyJlMmJmYjczMC1lY2FhLTExZTYtOGY4OC0zNDM2M2JjN2M0YzAiOnsiY3JlYXRlIjoxODAwMDAwMDAwMDAwLCJkZWxldGUiOjE4MDAwMDAwMDAwMDAsInJlYWQiOjMwMDAwMDAwMDAwMCwidXBkYXRlIjoxODAwMDAwMDAwMDAwfX0=",
          "dependencies": [
            "module.common.azurerm_storage_account.storage_account",
            "module.network.azurerm_subnet.subnet",
            "module.network.azurerm_virtual_network.vnet",
            "module.resource_group.azurerm_resource_group.resource_group",
            "module.vmwindows.azurerm_availability_set.windows-avs",
            "module.vmwindows.azurerm_network_interface.windows-nic",
            "module.vmwindows.azurerm_public_ip.windows-pip",
            "module.vmwindows.azurerm_windows_virtual_machine.windows-vm"
          ]
        }
      ]
    },
    {
      "module": "module.vmwindows",
      "mode": "managed",
      "type": "azurerm_windows_virtual_machine",
      "name": "windows-vm",
      "provider": "provider[\"registry.terraform.io/hashicorp/azurerm\"]",
      "instances": [
        {
          "schema_version": 0,
          "attributes": {
            "additional_capabilities": [],
            "additional_unattend_content": [],
            "admin_password": "assignment1-6288",
            "admin_username": "n01486288",
            "allow_extension_operations": true,
            "availability_set_id": "/subscriptions/0695b55f-07d7-4bb5-b85c-e77a29fb2383/resourceGroups/assignment1-RG-6288/providers/Microsoft.Compute/availabilitySets/WINDOWS_AVS",
            "boot_diagnostics": [
              {
                "storage_account_uri": "https://6288assignment1.blob.core.windows.net/"
              }
            ],
            "computer_name": "wsvm-6288",
            "custom_data": null,
            "dedicated_host_group_id": "",
            "dedicated_host_id": "",
            "edge_zone": "",
            "enable_automatic_updates": true,
            "encryption_at_host_enabled": false,
            "eviction_policy": "",
            "extensions_time_budget": "PT1H30M",
            "hotpatching_enabled": false,
            "id": "/subscriptions/0695b55f-07d7-4bb5-b85c-e77a29fb2383/resourceGroups/assignment1-RG-6288/providers/Microsoft.Compute/virtualMachines/wsvm-6288-vm",
            "identity": [],
            "license_type": "",
            "location": "australiaeast",
            "max_bid_price": -1,
            "name": "wsvm-6288-vm",
            "network_interface_ids": [
              "/subscriptions/0695b55f-07d7-4bb5-b85c-e77a29fb2383/resourceGroups/assignment1-RG-6288/providers/Microsoft.Network/networkInterfaces/wsvm-6288-nic"
            ],
            "os_disk": [
              {
                "caching": "ReadWrite",
                "diff_disk_settings": [],
                "disk_encryption_set_id": "",
                "disk_size_gb": 128,
                "name": "wsvm-6288-os-disk",
                "storage_account_type": "StandardSSD_LRS",
                "write_accelerator_enabled": false
              }
            ],
            "patch_mode": "AutomaticByOS",
            "plan": [],
            "platform_fault_domain": -1,
            "priority": "Regular",
            "private_ip_address": "10.0.1.4",
            "private_ip_addresses": [
              "10.0.1.4"
            ],
            "provision_vm_agent": true,
            "proximity_placement_group_id": "",
            "public_ip_address": "20.248.189.55",
            "public_ip_addresses": [
              "20.248.189.55"
            ],
            "resource_group_name": "assignment1-RG-6288",
            "secret": [],
            "secure_boot_enabled": false,
            "size": "Standard_B1ms",
            "source_image_id": "",
            "source_image_reference": [
              {
                "offer": "WindowsServer",
                "publisher": "MicrosoftWindowsServer",
                "sku": "2016-Datacenter",
                "version": "latest"
              }
            ],
            "tags": {
              "ContactEmail": "dhanyacse21@gmail.com",
              "Environment": "Lab",
              "ExpirationDate": "2022-06-30",
              "Name": "Dhanya.Natarajan",
              "Project": "Automation Project – Assignment 1"
            },
            "termination_notification": null,
            "timeouts": null,
            "timezone": "",
            "user_data": "",
            "virtual_machine_id": "d711f1ca-b754-476b-bced-d65ca585392f",
            "virtual_machine_scale_set_id": "",
            "vtpm_enabled": false,
            "winrm_listener": [
              {
                "certificate_url": "",
                "protocol": "Http"
              }
            ],
            "zone": ""
          },
          "sensitive_attributes": [],
          "private": "eyJlMmJmYjczMC1lY2FhLTExZTYtOGY4OC0zNDM2M2JjN2M0YzAiOnsiY3JlYXRlIjoyNzAwMDAwMDAwMDAwLCJkZWxldGUiOjI3MDAwMDAwMDAwMDAsInJlYWQiOjMwMDAwMDAwMDAwMCwidXBkYXRlIjoyNzAwMDAwMDAwMDAwfX0=",
          "dependencies": [
            "module.common.azurerm_storage_account.storage_account",
            "module.network.azurerm_subnet.subnet",
            "module.network.azurerm_virtual_network.vnet",
            "module.resource_group.azurerm_resource_group.resource_group",
            "module.vmwindows.azurerm_availability_set.windows-avs",
            "module.vmwindows.azurerm_network_interface.windows-nic",
            "module.vmwindows.azurerm_public_ip.windows-pip"
          ]
        }
      ]
    }
  ]
}
